// !$*UTF8*$!
{
	archiveVersion = 1;
	classes = {
	};
	objectVersion = 45;
	objects = {

/* Begin PBXBuildFile section */
		1D3623260D0F684500981E51 /* PhraseTTSAppDelegate.m in Sources */ = {isa = PBXBuildFile; fileRef = 1D3623250D0F684500981E51 /* PhraseTTSAppDelegate.m */; };
		1D60589B0D05DD56006BFB54 /* main.m in Sources */ = {isa = PBXBuildFile; fileRef = 29B97316FDCFA39411CA2CEA /* main.m */; };
		1D60589F0D05DD5A006BFB54 /* Foundation.framework in Frameworks */ = {isa = PBXBuildFile; fileRef = 1D30AB110D05D00D00671497 /* Foundation.framework */; };
		1DF5F4E00D08C38300B7A737 /* UIKit.framework in Frameworks */ = {isa = PBXBuildFile; fileRef = 1DF5F4DF0D08C38300B7A737 /* UIKit.framework */; };
		288765A50DF7441C002DB57D /* CoreGraphics.framework in Frameworks */ = {isa = PBXBuildFile; fileRef = 288765A40DF7441C002DB57D /* CoreGraphics.framework */; };
		2899E5220DE3E06400AC0155 /* PhraseTTSViewController.xib in Resources */ = {isa = PBXBuildFile; fileRef = 2899E5210DE3E06400AC0155 /* PhraseTTSViewController.xib */; };
		28AD733F0D9D9553002E5188 /* MainWindow.xib in Resources */ = {isa = PBXBuildFile; fileRef = 28AD733E0D9D9553002E5188 /* MainWindow.xib */; };
		28D7ACF80DDB3853001CB0EB /* PhraseTTSViewController.m in Sources */ = {isa = PBXBuildFile; fileRef = 28D7ACF70DDB3853001CB0EB /* PhraseTTSViewController.m */; };
		742024AD120A367E002FC0E5 /* LoadingView.m in Sources */ = {isa = PBXBuildFile; fileRef = 742024AC120A367E002FC0E5 /* LoadingView.m */; };
		742024B8120A38B7002FC0E5 /* black_rounded_rect_s9_dark.png in Resources */ = {isa = PBXBuildFile; fileRef = 742024B7120A38B7002FC0E5 /* black_rounded_rect_s9_dark.png */; };
		742024BB120A3912002FC0E5 /* LLHUDStatusView.m in Sources */ = {isa = PBXBuildFile; fileRef = 742024BA120A3912002FC0E5 /* LLHUDStatusView.m */; };
		742024FC120A470A002FC0E5 /* MultipleChoiceSettingsController.m in Sources */ = {isa = PBXBuildFile; fileRef = 742024FA120A470A002FC0E5 /* MultipleChoiceSettingsController.m */; };
		742024FD120A470A002FC0E5 /* MultipleChoiceSettingsController.xib in Resources */ = {isa = PBXBuildFile; fileRef = 742024FB120A470A002FC0E5 /* MultipleChoiceSettingsController.xib */; };
		7420267A120B5F83002FC0E5 /* WordSuggestionsView.m in Sources */ = {isa = PBXBuildFile; fileRef = 74202679120B5F83002FC0E5 /* WordSuggestionsView.m */; };
		74202698120B6187002FC0E5 /* CoreText.framework in Frameworks */ = {isa = PBXBuildFile; fileRef = 74202697120B6187002FC0E5 /* CoreText.framework */; };
		742026CF120B7A06002FC0E5 /* words_clean.txt in Resources */ = {isa = PBXBuildFile; fileRef = 742026CE120B7A06002FC0E5 /* words_clean.txt */; };
		74202727120B9B6B002FC0E5 /* words_short.txt in Resources */ = {isa = PBXBuildFile; fileRef = 74202726120B9B6B002FC0E5 /* words_short.txt */; };
		74202751120BA549002FC0E5 /* Icon72.png in Resources */ = {isa = PBXBuildFile; fileRef = 74202750120BA549002FC0E5 /* Icon72.png */; };
		745CCA2A12086F230019FECD /* sqlite3.c in Sources */ = {isa = PBXBuildFile; fileRef = 745CCA2512086F230019FECD /* sqlite3.c */; };
		745CCA2B12086F230019FECD /* sqlite3.def in Resources */ = {isa = PBXBuildFile; fileRef = 745CCA2612086F230019FECD /* sqlite3.def */; };
		745CCA89120877830019FECD /* FMDatabaseAdditions.m in Sources */ = {isa = PBXBuildFile; fileRef = 745CCA82120877830019FECD /* FMDatabaseAdditions.m */; };
		745CCA8A120877830019FECD /* FMResultSet.m in Sources */ = {isa = PBXBuildFile; fileRef = 745CCA83120877830019FECD /* FMResultSet.m */; };
		745CCA8C120877830019FECD /* FMDatabase.m in Sources */ = {isa = PBXBuildFile; fileRef = 745CCA85120877830019FECD /* FMDatabase.m */; };
		745CCAA1120879340019FECD /* Model.m in Sources */ = {isa = PBXBuildFile; fileRef = 745CCAA0120879340019FECD /* Model.m */; };
		745CCB10120882D10019FECD /* phrases.sqlite3 in Resources */ = {isa = PBXBuildFile; fileRef = 745CCB0F120882D10019FECD /* phrases.sqlite3 */; };
		745CCB8B1208A8580019FECD /* SearchResult.m in Sources */ = {isa = PBXBuildFile; fileRef = 745CCB891208A8570019FECD /* SearchResult.m */; };
		745CCBD61208B9440019FECD /* phrases.txt in Resources */ = {isa = PBXBuildFile; fileRef = 745CCBD51208B9440019FECD /* phrases.txt */; };
		74A1CF201209BE4B000A6138 /* settings_tab_icon.png in Resources */ = {isa = PBXBuildFile; fileRef = 74A1CF1F1209BE4B000A6138 /* settings_tab_icon.png */; };
		74A1CF481209C08D000A6138 /* SettingsViewController.m in Sources */ = {isa = PBXBuildFile; fileRef = 74A1CF461209C08D000A6138 /* SettingsViewController.m */; };
		74A1CF491209C08D000A6138 /* SettingsViewController.xib in Resources */ = {isa = PBXBuildFile; fileRef = 74A1CF471209C08D000A6138 /* SettingsViewController.xib */; };
		74A1CFA61209C695000A6138 /* TODO in Resources */ = {isa = PBXBuildFile; fileRef = 74A1CFA51209C695000A6138 /* TODO */; };
		74A1CFA91209C76C000A6138 /* SearchResultCell.m in Sources */ = {isa = PBXBuildFile; fileRef = 74A1CFA81209C76C000A6138 /* SearchResultCell.m */; };
		74A1D0D3120A0B9E000A6138 /* UICustomSearchBar.m in Sources */ = {isa = PBXBuildFile; fileRef = 74A1D0D2120A0B9E000A6138 /* UICustomSearchBar.m */; };
		74A1D1FC120A254E000A6138 /* au_none.c in Sources */ = {isa = PBXBuildFile; fileRef = 74A1D178120A254A000A6138 /* au_none.c */; };
		74A1D1FD120A254E000A6138 /* au_streaming.c in Sources */ = {isa = PBXBuildFile; fileRef = 74A1D179120A254A000A6138 /* au_streaming.c */; };
		74A1D1FE120A254E000A6138 /* audio.c in Sources */ = {isa = PBXBuildFile; fileRef = 74A1D17A120A254A000A6138 /* audio.c */; };
		74A1D1FF120A254E000A6138 /* cst_alloc.c in Sources */ = {isa = PBXBuildFile; fileRef = 74A1D17B120A254A000A6138 /* cst_alloc.c */; };
		74A1D200120A254E000A6138 /* cst_cart.c in Sources */ = {isa = PBXBuildFile; fileRef = 74A1D17C120A254A000A6138 /* cst_cart.c */; };
		74A1D201120A254E000A6138 /* cst_cg.c in Sources */ = {isa = PBXBuildFile; fileRef = 74A1D17D120A254A000A6138 /* cst_cg.c */; };
		74A1D202120A254E000A6138 /* cst_diphone.c in Sources */ = {isa = PBXBuildFile; fileRef = 74A1D17E120A254A000A6138 /* cst_diphone.c */; };
		74A1D203120A254E000A6138 /* cst_endian.c in Sources */ = {isa = PBXBuildFile; fileRef = 74A1D17F120A254A000A6138 /* cst_endian.c */; };
		74A1D204120A254E000A6138 /* cst_error.c in Sources */ = {isa = PBXBuildFile; fileRef = 74A1D180120A254A000A6138 /* cst_error.c */; };
		74A1D205120A254E000A6138 /* cst_features.c in Sources */ = {isa = PBXBuildFile; fileRef = 74A1D181120A254A000A6138 /* cst_features.c */; };
		74A1D206120A254E000A6138 /* cst_ffeature.c in Sources */ = {isa = PBXBuildFile; fileRef = 74A1D182120A254A000A6138 /* cst_ffeature.c */; };
		74A1D207120A254E000A6138 /* cst_ffeatures.c in Sources */ = {isa = PBXBuildFile; fileRef = 74A1D183120A254A000A6138 /* cst_ffeatures.c */; };
		74A1D208120A254E000A6138 /* cst_file_stdio.c in Sources */ = {isa = PBXBuildFile; fileRef = 74A1D184120A254A000A6138 /* cst_file_stdio.c */; };
		74A1D209120A254E000A6138 /* cst_item.c in Sources */ = {isa = PBXBuildFile; fileRef = 74A1D185120A254A000A6138 /* cst_item.c */; };
		74A1D20A120A254E000A6138 /* cst_lexicon.c in Sources */ = {isa = PBXBuildFile; fileRef = 74A1D186120A254A000A6138 /* cst_lexicon.c */; };
		74A1D20B120A254E000A6138 /* cst_lpcres.c in Sources */ = {isa = PBXBuildFile; fileRef = 74A1D187120A254A000A6138 /* cst_lpcres.c */; };
		74A1D20C120A254E000A6138 /* cst_lts.c in Sources */ = {isa = PBXBuildFile; fileRef = 74A1D188120A254A000A6138 /* cst_lts.c */; };
		74A1D20D120A254E000A6138 /* cst_mlpg.c in Sources */ = {isa = PBXBuildFile; fileRef = 74A1D189120A254A000A6138 /* cst_mlpg.c */; };
		74A1D20E120A254E000A6138 /* cst_mlsa.c in Sources */ = {isa = PBXBuildFile; fileRef = 74A1D18A120A254A000A6138 /* cst_mlsa.c */; };
		74A1D20F120A254E000A6138 /* cst_phoneset.c in Sources */ = {isa = PBXBuildFile; fileRef = 74A1D18B120A254A000A6138 /* cst_phoneset.c */; };
		74A1D210120A254E000A6138 /* cst_regex.c in Sources */ = {isa = PBXBuildFile; fileRef = 74A1D18C120A254A000A6138 /* cst_regex.c */; };
		74A1D211120A254E000A6138 /* cst_relation.c in Sources */ = {isa = PBXBuildFile; fileRef = 74A1D18D120A254A000A6138 /* cst_relation.c */; };
		74A1D212120A254E000A6138 /* cst_sigpr.c in Sources */ = {isa = PBXBuildFile; fileRef = 74A1D18E120A254A000A6138 /* cst_sigpr.c */; };
		74A1D213120A254E000A6138 /* cst_string.c in Sources */ = {isa = PBXBuildFile; fileRef = 74A1D18F120A254A000A6138 /* cst_string.c */; };
		74A1D214120A254E000A6138 /* cst_sts.c in Sources */ = {isa = PBXBuildFile; fileRef = 74A1D190120A254A000A6138 /* cst_sts.c */; };
		74A1D215120A254E000A6138 /* cst_synth.c in Sources */ = {isa = PBXBuildFile; fileRef = 74A1D191120A254A000A6138 /* cst_synth.c */; };
		74A1D216120A254E000A6138 /* cst_tokenstream.c in Sources */ = {isa = PBXBuildFile; fileRef = 74A1D192120A254A000A6138 /* cst_tokenstream.c */; };
		74A1D217120A254E000A6138 /* cst_track.c in Sources */ = {isa = PBXBuildFile; fileRef = 74A1D193120A254A000A6138 /* cst_track.c */; };
		74A1D218120A254E000A6138 /* cst_units.c in Sources */ = {isa = PBXBuildFile; fileRef = 74A1D194120A254A000A6138 /* cst_units.c */; };
		74A1D219120A254E000A6138 /* cst_utt_utils.c in Sources */ = {isa = PBXBuildFile; fileRef = 74A1D195120A254A000A6138 /* cst_utt_utils.c */; };
		74A1D21A120A254E000A6138 /* cst_utterance.c in Sources */ = {isa = PBXBuildFile; fileRef = 74A1D196120A254A000A6138 /* cst_utterance.c */; };
		74A1D21B120A254E000A6138 /* cst_val.c in Sources */ = {isa = PBXBuildFile; fileRef = 74A1D197120A254A000A6138 /* cst_val.c */; };
		74A1D21C120A254E000A6138 /* cst_val_const.c in Sources */ = {isa = PBXBuildFile; fileRef = 74A1D198120A254B000A6138 /* cst_val_const.c */; };
		74A1D21D120A254E000A6138 /* cst_val_user.c in Sources */ = {isa = PBXBuildFile; fileRef = 74A1D199120A254B000A6138 /* cst_val_user.c */; };
		74A1D21E120A254E000A6138 /* cst_vc.c in Sources */ = {isa = PBXBuildFile; fileRef = 74A1D19A120A254B000A6138 /* cst_vc.c */; };
		74A1D21F120A254E000A6138 /* cst_voice.c in Sources */ = {isa = PBXBuildFile; fileRef = 74A1D19B120A254B000A6138 /* cst_voice.c */; };
		74A1D220120A254E000A6138 /* cst_wave.c in Sources */ = {isa = PBXBuildFile; fileRef = 74A1D19C120A254B000A6138 /* cst_wave.c */; };
		74A1D221120A254E000A6138 /* cst_wave_io.c in Sources */ = {isa = PBXBuildFile; fileRef = 74A1D19D120A254B000A6138 /* cst_wave_io.c */; };
		74A1D222120A254E000A6138 /* cst_wave_utils.c in Sources */ = {isa = PBXBuildFile; fileRef = 74A1D19E120A254B000A6138 /* cst_wave_utils.c */; };
		74A1D223120A254E000A6138 /* flite.c in Sources */ = {isa = PBXBuildFile; fileRef = 74A1D19F120A254B000A6138 /* flite.c */; };
		74A1D224120A254E000A6138 /* rateconv.c in Sources */ = {isa = PBXBuildFile; fileRef = 74A1D1A0120A254B000A6138 /* rateconv.c */; };
		74A1D225120A254E000A6138 /* regexp.c in Sources */ = {isa = PBXBuildFile; fileRef = 74A1D1A1120A254B000A6138 /* regexp.c */; };
		74A1D226120A254E000A6138 /* cmu_us_awb.c in Sources */ = {isa = PBXBuildFile; fileRef = 74A1D1A4120A254B000A6138 /* cmu_us_awb.c */; };
		74A1D227120A254E000A6138 /* cmu_us_awb_cg.c in Sources */ = {isa = PBXBuildFile; fileRef = 74A1D1A5120A254B000A6138 /* cmu_us_awb_cg.c */; };
		74A1D228120A254E000A6138 /* cmu_us_awb_cg_durmodel.c in Sources */ = {isa = PBXBuildFile; fileRef = 74A1D1A6120A254B000A6138 /* cmu_us_awb_cg_durmodel.c */; };
		74A1D229120A254E000A6138 /* cmu_us_awb_cg_f0_trees.c in Sources */ = {isa = PBXBuildFile; fileRef = 74A1D1A8120A254B000A6138 /* cmu_us_awb_cg_f0_trees.c */; };
		74A1D22A120A254E000A6138 /* cmu_us_awb_cg_phonestate.c in Sources */ = {isa = PBXBuildFile; fileRef = 74A1D1AA120A254B000A6138 /* cmu_us_awb_cg_phonestate.c */; };
		74A1D22B120A254E000A6138 /* cmu_us_awb_cg_single_mcep_trees.c in Sources */ = {isa = PBXBuildFile; fileRef = 74A1D1AB120A254B000A6138 /* cmu_us_awb_cg_single_mcep_trees.c */; };
		74A1D22C120A254E000A6138 /* cmu_us_awb_cg_single_params.c in Sources */ = {isa = PBXBuildFile; fileRef = 74A1D1AD120A254B000A6138 /* cmu_us_awb_cg_single_params.c */; };
		74A1D22D120A254E000A6138 /* cmu_us_kal.c in Sources */ = {isa = PBXBuildFile; fileRef = 74A1D1B0120A254B000A6138 /* cmu_us_kal.c */; };
		74A1D22E120A254E000A6138 /* cmu_us_kal_diphone.c in Sources */ = {isa = PBXBuildFile; fileRef = 74A1D1B1120A254B000A6138 /* cmu_us_kal_diphone.c */; };
		74A1D22F120A254E000A6138 /* cmu_us_kal_lpc.c in Sources */ = {isa = PBXBuildFile; fileRef = 74A1D1B2120A254B000A6138 /* cmu_us_kal_lpc.c */; };
		74A1D230120A254E000A6138 /* cmu_us_kal_res.c in Sources */ = {isa = PBXBuildFile; fileRef = 74A1D1B3120A254C000A6138 /* cmu_us_kal_res.c */; };
		74A1D231120A254E000A6138 /* cmu_us_kal_residx.c in Sources */ = {isa = PBXBuildFile; fileRef = 74A1D1B4120A254C000A6138 /* cmu_us_kal_residx.c */; };
		74A1D232120A254E000A6138 /* cmu_us_kal16.c in Sources */ = {isa = PBXBuildFile; fileRef = 74A1D1B7120A254C000A6138 /* cmu_us_kal16.c */; };
		74A1D233120A254E000A6138 /* cmu_us_kal16_diphone.c in Sources */ = {isa = PBXBuildFile; fileRef = 74A1D1B8120A254C000A6138 /* cmu_us_kal16_diphone.c */; };
		74A1D234120A254E000A6138 /* cmu_us_kal16_lpc.c in Sources */ = {isa = PBXBuildFile; fileRef = 74A1D1B9120A254C000A6138 /* cmu_us_kal16_lpc.c */; };
		74A1D235120A254E000A6138 /* cmu_us_kal16_res.c in Sources */ = {isa = PBXBuildFile; fileRef = 74A1D1BA120A254C000A6138 /* cmu_us_kal16_res.c */; };
		74A1D236120A254E000A6138 /* cmu_us_kal16_residx.c in Sources */ = {isa = PBXBuildFile; fileRef = 74A1D1BB120A254C000A6138 /* cmu_us_kal16_residx.c */; };
		74A1D237120A254E000A6138 /* cmu_us_rms.c in Sources */ = {isa = PBXBuildFile; fileRef = 74A1D1BE120A254C000A6138 /* cmu_us_rms.c */; };
		74A1D238120A254E000A6138 /* cmu_us_rms_cg.c in Sources */ = {isa = PBXBuildFile; fileRef = 74A1D1BF120A254C000A6138 /* cmu_us_rms_cg.c */; };
		74A1D239120A254E000A6138 /* cmu_us_rms_cg_durmodel.c in Sources */ = {isa = PBXBuildFile; fileRef = 74A1D1C0120A254C000A6138 /* cmu_us_rms_cg_durmodel.c */; };
		74A1D23A120A254E000A6138 /* cmu_us_rms_cg_f0_trees.c in Sources */ = {isa = PBXBuildFile; fileRef = 74A1D1C2120A254C000A6138 /* cmu_us_rms_cg_f0_trees.c */; };
		74A1D23B120A254E000A6138 /* cmu_us_rms_cg_phonestate.c in Sources */ = {isa = PBXBuildFile; fileRef = 74A1D1C4120A254C000A6138 /* cmu_us_rms_cg_phonestate.c */; };
		74A1D23C120A254E000A6138 /* cmu_us_rms_cg_single_mcep_trees.c in Sources */ = {isa = PBXBuildFile; fileRef = 74A1D1C5120A254D000A6138 /* cmu_us_rms_cg_single_mcep_trees.c */; };
		74A1D23D120A254E000A6138 /* cmu_us_rms_cg_single_params.c in Sources */ = {isa = PBXBuildFile; fileRef = 74A1D1C7120A254D000A6138 /* cmu_us_rms_cg_single_params.c */; };
		74A1D23E120A254E000A6138 /* cmu_us_slt.c in Sources */ = {isa = PBXBuildFile; fileRef = 74A1D1CB120A254D000A6138 /* cmu_us_slt.c */; };
		74A1D23F120A254E000A6138 /* cmu_us_slt_cg.c in Sources */ = {isa = PBXBuildFile; fileRef = 74A1D1CC120A254D000A6138 /* cmu_us_slt_cg.c */; };
		74A1D240120A254E000A6138 /* cmu_us_slt_cg_durmodel.c in Sources */ = {isa = PBXBuildFile; fileRef = 74A1D1CD120A254D000A6138 /* cmu_us_slt_cg_durmodel.c */; };
		74A1D241120A254E000A6138 /* cmu_us_slt_cg_f0_trees.c in Sources */ = {isa = PBXBuildFile; fileRef = 74A1D1CF120A254D000A6138 /* cmu_us_slt_cg_f0_trees.c */; };
		74A1D242120A254E000A6138 /* cmu_us_slt_cg_phonestate.c in Sources */ = {isa = PBXBuildFile; fileRef = 74A1D1D1120A254D000A6138 /* cmu_us_slt_cg_phonestate.c */; };
		74A1D243120A254E000A6138 /* cmu_us_slt_cg_single_mcep_trees.c in Sources */ = {isa = PBXBuildFile; fileRef = 74A1D1D2120A254D000A6138 /* cmu_us_slt_cg_single_mcep_trees.c */; };
		74A1D244120A254E000A6138 /* cmu_us_slt_cg_single_params.c in Sources */ = {isa = PBXBuildFile; fileRef = 74A1D1D4120A254D000A6138 /* cmu_us_slt_cg_single_params.c */; };
		74A1D245120A254E000A6138 /* cmu_lex.c in Sources */ = {isa = PBXBuildFile; fileRef = 74A1D1D7120A254E000A6138 /* cmu_lex.c */; };
		74A1D246120A254E000A6138 /* cmu_lex_data.c in Sources */ = {isa = PBXBuildFile; fileRef = 74A1D1D9120A254E000A6138 /* cmu_lex_data.c */; };
		74A1D247120A254E000A6138 /* cmu_lex_entries.c in Sources */ = {isa = PBXBuildFile; fileRef = 74A1D1DA120A254E000A6138 /* cmu_lex_entries.c */; };
		74A1D248120A254E000A6138 /* cmu_lts_model.c in Sources */ = {isa = PBXBuildFile; fileRef = 74A1D1DB120A254E000A6138 /* cmu_lts_model.c */; };
		74A1D249120A254E000A6138 /* cmu_lts_rules.c in Sources */ = {isa = PBXBuildFile; fileRef = 74A1D1DD120A254E000A6138 /* cmu_lts_rules.c */; };
		74A1D24A120A254E000A6138 /* cmu_postlex.c in Sources */ = {isa = PBXBuildFile; fileRef = 74A1D1DE120A254E000A6138 /* cmu_postlex.c */; };
		74A1D24B120A254E000A6138 /* us_aswd.c in Sources */ = {isa = PBXBuildFile; fileRef = 74A1D1E0120A254E000A6138 /* us_aswd.c */; };
		74A1D24C120A254E000A6138 /* us_dur_stats.c in Sources */ = {isa = PBXBuildFile; fileRef = 74A1D1E1120A254E000A6138 /* us_dur_stats.c */; };
		74A1D24D120A254E000A6138 /* us_durz_cart.c in Sources */ = {isa = PBXBuildFile; fileRef = 74A1D1E2120A254E000A6138 /* us_durz_cart.c */; };
		74A1D24E120A254E000A6138 /* us_expand.c in Sources */ = {isa = PBXBuildFile; fileRef = 74A1D1E4120A254E000A6138 /* us_expand.c */; };
		74A1D24F120A254E000A6138 /* us_f0_model.c in Sources */ = {isa = PBXBuildFile; fileRef = 74A1D1E6120A254E000A6138 /* us_f0_model.c */; };
		74A1D250120A254E000A6138 /* us_f0lr.c in Sources */ = {isa = PBXBuildFile; fileRef = 74A1D1E7120A254E000A6138 /* us_f0lr.c */; };
		74A1D251120A254E000A6138 /* us_ffeatures.c in Sources */ = {isa = PBXBuildFile; fileRef = 74A1D1E8120A254E000A6138 /* us_ffeatures.c */; };
		74A1D252120A254E000A6138 /* us_gpos.c in Sources */ = {isa = PBXBuildFile; fileRef = 74A1D1EA120A254E000A6138 /* us_gpos.c */; };
		74A1D253120A254E000A6138 /* us_int_accent_cart.c in Sources */ = {isa = PBXBuildFile; fileRef = 74A1D1EB120A254E000A6138 /* us_int_accent_cart.c */; };
		74A1D254120A254E000A6138 /* us_int_tone_cart.c in Sources */ = {isa = PBXBuildFile; fileRef = 74A1D1ED120A254E000A6138 /* us_int_tone_cart.c */; };
		74A1D255120A254E000A6138 /* us_nums_cart.c in Sources */ = {isa = PBXBuildFile; fileRef = 74A1D1EF120A254E000A6138 /* us_nums_cart.c */; };
		74A1D256120A254E000A6138 /* us_phoneset.c in Sources */ = {isa = PBXBuildFile; fileRef = 74A1D1F1120A254E000A6138 /* us_phoneset.c */; };
		74A1D257120A254E000A6138 /* us_phrasing_cart.c in Sources */ = {isa = PBXBuildFile; fileRef = 74A1D1F2120A254E000A6138 /* us_phrasing_cart.c */; };
		74A1D258120A254E000A6138 /* us_pos.tree in Resources */ = {isa = PBXBuildFile; fileRef = 74A1D1F4120A254E000A6138 /* us_pos.tree */; };
		74A1D259120A254E000A6138 /* us_pos_cart.c in Sources */ = {isa = PBXBuildFile; fileRef = 74A1D1F5120A254E000A6138 /* us_pos_cart.c */; };
		74A1D25A120A254E000A6138 /* us_text.c in Sources */ = {isa = PBXBuildFile; fileRef = 74A1D1F8120A254E000A6138 /* us_text.c */; };
		74A1D25B120A254E000A6138 /* usenglish.c in Sources */ = {isa = PBXBuildFile; fileRef = 74A1D1FA120A254E000A6138 /* usenglish.c */; };
		74A1D25E120A255A000A6138 /* FliteTTS.m in Sources */ = {isa = PBXBuildFile; fileRef = 74A1D25D120A255A000A6138 /* FliteTTS.m */; };
		74A1D277120A2621000A6138 /* AVFoundation.framework in Frameworks */ = {isa = PBXBuildFile; fileRef = 74A1D276120A2621000A6138 /* AVFoundation.framework */; };
/* End PBXBuildFile section */

/* Begin PBXFileReference section */
		1D30AB110D05D00D00671497 /* Foundation.framework */ = {isa = PBXFileReference; lastKnownFileType = wrapper.framework; name = Foundation.framework; path = System/Library/Frameworks/Foundation.framework; sourceTree = SDKROOT; };
		1D3623240D0F684500981E51 /* PhraseTTSAppDelegate.h */ = {isa = PBXFileReference; fileEncoding = 4; lastKnownFileType = sourcecode.c.h; path = PhraseTTSAppDelegate.h; sourceTree = "<group>"; };
		1D3623250D0F684500981E51 /* PhraseTTSAppDelegate.m */ = {isa = PBXFileReference; fileEncoding = 4; lastKnownFileType = sourcecode.c.objc; path = PhraseTTSAppDelegate.m; sourceTree = "<group>"; };
		1D6058910D05DD3D006BFB54 /* PhraseTTS.app */ = {isa = PBXFileReference; explicitFileType = wrapper.application; includeInIndex = 0; path = PhraseTTS.app; sourceTree = BUILT_PRODUCTS_DIR; };
		1DF5F4DF0D08C38300B7A737 /* UIKit.framework */ = {isa = PBXFileReference; lastKnownFileType = wrapper.framework; name = UIKit.framework; path = System/Library/Frameworks/UIKit.framework; sourceTree = SDKROOT; };
		288765A40DF7441C002DB57D /* CoreGraphics.framework */ = {isa = PBXFileReference; lastKnownFileType = wrapper.framework; name = CoreGraphics.framework; path = System/Library/Frameworks/CoreGraphics.framework; sourceTree = SDKROOT; };
		2899E5210DE3E06400AC0155 /* PhraseTTSViewController.xib */ = {isa = PBXFileReference; lastKnownFileType = file.xib; path = PhraseTTSViewController.xib; sourceTree = "<group>"; };
		28AD733E0D9D9553002E5188 /* MainWindow.xib */ = {isa = PBXFileReference; lastKnownFileType = file.xib; path = MainWindow.xib; sourceTree = "<group>"; };
		28D7ACF60DDB3853001CB0EB /* PhraseTTSViewController.h */ = {isa = PBXFileReference; fileEncoding = 4; lastKnownFileType = sourcecode.c.h; path = PhraseTTSViewController.h; sourceTree = "<group>"; };
		28D7ACF70DDB3853001CB0EB /* PhraseTTSViewController.m */ = {isa = PBXFileReference; fileEncoding = 4; lastKnownFileType = sourcecode.c.objc; path = PhraseTTSViewController.m; sourceTree = "<group>"; };
		29B97316FDCFA39411CA2CEA /* main.m */ = {isa = PBXFileReference; fileEncoding = 4; lastKnownFileType = sourcecode.c.objc; path = main.m; sourceTree = "<group>"; };
		32CA4F630368D1EE00C91783 /* PhraseTTS_Prefix.pch */ = {isa = PBXFileReference; fileEncoding = 4; lastKnownFileType = sourcecode.c.h; path = PhraseTTS_Prefix.pch; sourceTree = "<group>"; };
		742024AB120A367E002FC0E5 /* LoadingView.h */ = {isa = PBXFileReference; fileEncoding = 4; lastKnownFileType = sourcecode.c.h; path = LoadingView.h; sourceTree = "<group>"; };
		742024AC120A367E002FC0E5 /* LoadingView.m */ = {isa = PBXFileReference; fileEncoding = 4; lastKnownFileType = sourcecode.c.objc; path = LoadingView.m; sourceTree = "<group>"; };
		742024B7120A38B7002FC0E5 /* black_rounded_rect_s9_dark.png */ = {isa = PBXFileReference; lastKnownFileType = image.png; path = black_rounded_rect_s9_dark.png; sourceTree = "<group>"; };
		742024B9120A3912002FC0E5 /* LLHUDStatusView.h */ = {isa = PBXFileReference; fileEncoding = 4; lastKnownFileType = sourcecode.c.h; path = LLHUDStatusView.h; sourceTree = "<group>"; };
		742024BA120A3912002FC0E5 /* LLHUDStatusView.m */ = {isa = PBXFileReference; fileEncoding = 4; lastKnownFileType = sourcecode.c.objc; path = LLHUDStatusView.m; sourceTree = "<group>"; };
		742024F9120A470A002FC0E5 /* MultipleChoiceSettingsController.h */ = {isa = PBXFileReference; fileEncoding = 4; lastKnownFileType = sourcecode.c.h; path = MultipleChoiceSettingsController.h; sourceTree = "<group>"; };
		742024FA120A470A002FC0E5 /* MultipleChoiceSettingsController.m */ = {isa = PBXFileReference; fileEncoding = 4; lastKnownFileType = sourcecode.c.objc; path = MultipleChoiceSettingsController.m; sourceTree = "<group>"; };
		742024FB120A470A002FC0E5 /* MultipleChoiceSettingsController.xib */ = {isa = PBXFileReference; lastKnownFileType = file.xib; path = MultipleChoiceSettingsController.xib; sourceTree = "<group>"; };
		74202552120A4E86002FC0E5 /* Constants.h */ = {isa = PBXFileReference; fileEncoding = 4; lastKnownFileType = sourcecode.c.h; path = Constants.h; sourceTree = "<group>"; };
		74202678120B5F83002FC0E5 /* WordSuggestionsView.h */ = {isa = PBXFileReference; fileEncoding = 4; lastKnownFileType = sourcecode.c.h; path = WordSuggestionsView.h; sourceTree = "<group>"; };
		74202679120B5F83002FC0E5 /* WordSuggestionsView.m */ = {isa = PBXFileReference; fileEncoding = 4; lastKnownFileType = sourcecode.c.objc; path = WordSuggestionsView.m; sourceTree = "<group>"; };
		74202697120B6187002FC0E5 /* CoreText.framework */ = {isa = PBXFileReference; lastKnownFileType = wrapper.framework; name = CoreText.framework; path = System/Library/Frameworks/CoreText.framework; sourceTree = SDKROOT; };
		742026CE120B7A06002FC0E5 /* words_clean.txt */ = {isa = PBXFileReference; fileEncoding = 4; lastKnownFileType = text; name = words_clean.txt; path = phrases/words_clean.txt; sourceTree = "<group>"; };
		74202726120B9B6B002FC0E5 /* words_short.txt */ = {isa = PBXFileReference; fileEncoding = 4; lastKnownFileType = text; name = words_short.txt; path = phrases/words_short.txt; sourceTree = "<group>"; };
		74202750120BA549002FC0E5 /* Icon72.png */ = {isa = PBXFileReference; lastKnownFileType = image.png; path = Icon72.png; sourceTree = "<group>"; };
		745CCA2512086F230019FECD /* sqlite3.c */ = {isa = PBXFileReference; fileEncoding = 4; lastKnownFileType = sourcecode.c.c; path = sqlite3.c; sourceTree = "<group>"; };
		745CCA2612086F230019FECD /* sqlite3.def */ = {isa = PBXFileReference; fileEncoding = 4; lastKnownFileType = text; path = sqlite3.def; sourceTree = "<group>"; };
		745CCA2712086F230019FECD /* sqlite3.h */ = {isa = PBXFileReference; fileEncoding = 4; lastKnownFileType = sourcecode.c.h; path = sqlite3.h; sourceTree = "<group>"; };
		745CCA2812086F230019FECD /* sqlite3ext.h */ = {isa = PBXFileReference; fileEncoding = 4; lastKnownFileType = sourcecode.c.h; path = sqlite3ext.h; sourceTree = "<group>"; };
		745CCA80120877830019FECD /* FMDatabase.h */ = {isa = PBXFileReference; fileEncoding = 4; lastKnownFileType = sourcecode.c.h; path = FMDatabase.h; sourceTree = "<group>"; };
		745CCA81120877830019FECD /* FMDatabaseAdditions.h */ = {isa = PBXFileReference; fileEncoding = 4; lastKnownFileType = sourcecode.c.h; path = FMDatabaseAdditions.h; sourceTree = "<group>"; };
		745CCA82120877830019FECD /* FMDatabaseAdditions.m */ = {isa = PBXFileReference; fileEncoding = 4; lastKnownFileType = sourcecode.c.objc; path = FMDatabaseAdditions.m; sourceTree = "<group>"; };
		745CCA83120877830019FECD /* FMResultSet.m */ = {isa = PBXFileReference; fileEncoding = 4; lastKnownFileType = sourcecode.c.objc; path = FMResultSet.m; sourceTree = "<group>"; };
		745CCA85120877830019FECD /* FMDatabase.m */ = {isa = PBXFileReference; fileEncoding = 4; lastKnownFileType = sourcecode.c.objc; path = FMDatabase.m; sourceTree = "<group>"; };
		745CCA86120877830019FECD /* FMResultSet.h */ = {isa = PBXFileReference; fileEncoding = 4; lastKnownFileType = sourcecode.c.h; path = FMResultSet.h; sourceTree = "<group>"; };
		745CCA9F120879340019FECD /* Model.h */ = {isa = PBXFileReference; fileEncoding = 4; lastKnownFileType = sourcecode.c.h; path = Model.h; sourceTree = "<group>"; };
		745CCAA0120879340019FECD /* Model.m */ = {isa = PBXFileReference; fileEncoding = 4; lastKnownFileType = sourcecode.c.objc; path = Model.m; sourceTree = "<group>"; };
		745CCB0F120882D10019FECD /* phrases.sqlite3 */ = {isa = PBXFileReference; fileEncoding = 4; lastKnownFileType = text; path = phrases.sqlite3; sourceTree = "<group>"; };
		745CCB891208A8570019FECD /* SearchResult.m */ = {isa = PBXFileReference; fileEncoding = 4; lastKnownFileType = sourcecode.c.objc; path = SearchResult.m; sourceTree = "<group>"; };
		745CCB8A1208A8570019FECD /* SearchResult.h */ = {isa = PBXFileReference; fileEncoding = 4; lastKnownFileType = sourcecode.c.h; path = SearchResult.h; sourceTree = "<group>"; };
		745CCBD51208B9440019FECD /* phrases.txt */ = {isa = PBXFileReference; fileEncoding = 4; lastKnownFileType = text; name = phrases.txt; path = phrases/phrases.txt; sourceTree = "<group>"; };
		74A1CF1F1209BE4B000A6138 /* settings_tab_icon.png */ = {isa = PBXFileReference; lastKnownFileType = image.png; name = settings_tab_icon.png; path = media/settings_tab_icon.png; sourceTree = "<group>"; };
		74A1CF451209C08D000A6138 /* SettingsViewController.h */ = {isa = PBXFileReference; fileEncoding = 4; lastKnownFileType = sourcecode.c.h; path = SettingsViewController.h; sourceTree = "<group>"; };
		74A1CF461209C08D000A6138 /* SettingsViewController.m */ = {isa = PBXFileReference; fileEncoding = 4; lastKnownFileType = sourcecode.c.objc; path = SettingsViewController.m; sourceTree = "<group>"; };
		74A1CF471209C08D000A6138 /* SettingsViewController.xib */ = {isa = PBXFileReference; lastKnownFileType = file.xib; path = SettingsViewController.xib; sourceTree = "<group>"; };
		74A1CFA51209C695000A6138 /* TODO */ = {isa = PBXFileReference; fileEncoding = 4; lastKnownFileType = text; path = TODO; sourceTree = "<group>"; };
		74A1CFA71209C76C000A6138 /* SearchResultCell.h */ = {isa = PBXFileReference; fileEncoding = 4; lastKnownFileType = sourcecode.c.h; path = SearchResultCell.h; sourceTree = "<group>"; };
		74A1CFA81209C76C000A6138 /* SearchResultCell.m */ = {isa = PBXFileReference; fileEncoding = 4; lastKnownFileType = sourcecode.c.objc; path = SearchResultCell.m; sourceTree = "<group>"; };
		74A1D0D1120A0B9E000A6138 /* UICustomSearchBar.h */ = {isa = PBXFileReference; fileEncoding = 4; lastKnownFileType = sourcecode.c.h; path = UICustomSearchBar.h; sourceTree = "<group>"; };
		74A1D0D2120A0B9E000A6138 /* UICustomSearchBar.m */ = {isa = PBXFileReference; fileEncoding = 4; lastKnownFileType = sourcecode.c.objc; path = UICustomSearchBar.m; sourceTree = "<group>"; };
		74A1D150120A254A000A6138 /* cst_alloc.h */ = {isa = PBXFileReference; fileEncoding = 4; lastKnownFileType = sourcecode.c.h; path = cst_alloc.h; sourceTree = "<group>"; };
		74A1D151120A254A000A6138 /* cst_audio.h */ = {isa = PBXFileReference; fileEncoding = 4; lastKnownFileType = sourcecode.c.h; path = cst_audio.h; sourceTree = "<group>"; };
		74A1D152120A254A000A6138 /* cst_cart.h */ = {isa = PBXFileReference; fileEncoding = 4; lastKnownFileType = sourcecode.c.h; path = cst_cart.h; sourceTree = "<group>"; };
		74A1D153120A254A000A6138 /* cst_cg.h */ = {isa = PBXFileReference; fileEncoding = 4; lastKnownFileType = sourcecode.c.h; path = cst_cg.h; sourceTree = "<group>"; };
		74A1D154120A254A000A6138 /* cst_diphone.h */ = {isa = PBXFileReference; fileEncoding = 4; lastKnownFileType = sourcecode.c.h; path = cst_diphone.h; sourceTree = "<group>"; };
		74A1D155120A254A000A6138 /* cst_endian.h */ = {isa = PBXFileReference; fileEncoding = 4; lastKnownFileType = sourcecode.c.h; path = cst_endian.h; sourceTree = "<group>"; };
		74A1D156120A254A000A6138 /* cst_error.h */ = {isa = PBXFileReference; fileEncoding = 4; lastKnownFileType = sourcecode.c.h; path = cst_error.h; sourceTree = "<group>"; };
		74A1D157120A254A000A6138 /* cst_features.h */ = {isa = PBXFileReference; fileEncoding = 4; lastKnownFileType = sourcecode.c.h; path = cst_features.h; sourceTree = "<group>"; };
		74A1D158120A254A000A6138 /* cst_ffeatures.h */ = {isa = PBXFileReference; fileEncoding = 4; lastKnownFileType = sourcecode.c.h; path = cst_ffeatures.h; sourceTree = "<group>"; };
		74A1D159120A254A000A6138 /* cst_file.h */ = {isa = PBXFileReference; fileEncoding = 4; lastKnownFileType = sourcecode.c.h; path = cst_file.h; sourceTree = "<group>"; };
		74A1D15A120A254A000A6138 /* cst_hrg.h */ = {isa = PBXFileReference; fileEncoding = 4; lastKnownFileType = sourcecode.c.h; path = cst_hrg.h; sourceTree = "<group>"; };
		74A1D15B120A254A000A6138 /* cst_item.h */ = {isa = PBXFileReference; fileEncoding = 4; lastKnownFileType = sourcecode.c.h; path = cst_item.h; sourceTree = "<group>"; };
		74A1D15C120A254A000A6138 /* cst_lexicon.h */ = {isa = PBXFileReference; fileEncoding = 4; lastKnownFileType = sourcecode.c.h; path = cst_lexicon.h; sourceTree = "<group>"; };
		74A1D15D120A254A000A6138 /* cst_lts.h */ = {isa = PBXFileReference; fileEncoding = 4; lastKnownFileType = sourcecode.c.h; path = cst_lts.h; sourceTree = "<group>"; };
		74A1D15E120A254A000A6138 /* cst_math.h */ = {isa = PBXFileReference; fileEncoding = 4; lastKnownFileType = sourcecode.c.h; path = cst_math.h; sourceTree = "<group>"; };
		74A1D15F120A254A000A6138 /* cst_mlpg.h */ = {isa = PBXFileReference; fileEncoding = 4; lastKnownFileType = sourcecode.c.h; path = cst_mlpg.h; sourceTree = "<group>"; };
		74A1D160120A254A000A6138 /* cst_mlsa.h */ = {isa = PBXFileReference; fileEncoding = 4; lastKnownFileType = sourcecode.c.h; path = cst_mlsa.h; sourceTree = "<group>"; };
		74A1D161120A254A000A6138 /* cst_phoneset.h */ = {isa = PBXFileReference; fileEncoding = 4; lastKnownFileType = sourcecode.c.h; path = cst_phoneset.h; sourceTree = "<group>"; };
		74A1D162120A254A000A6138 /* cst_regex.h */ = {isa = PBXFileReference; fileEncoding = 4; lastKnownFileType = sourcecode.c.h; path = cst_regex.h; sourceTree = "<group>"; };
		74A1D163120A254A000A6138 /* cst_regex_defs.h */ = {isa = PBXFileReference; fileEncoding = 4; lastKnownFileType = sourcecode.c.h; path = cst_regex_defs.h; sourceTree = "<group>"; };
		74A1D164120A254A000A6138 /* cst_relation.h */ = {isa = PBXFileReference; fileEncoding = 4; lastKnownFileType = sourcecode.c.h; path = cst_relation.h; sourceTree = "<group>"; };
		74A1D165120A254A000A6138 /* cst_sigpr.h */ = {isa = PBXFileReference; fileEncoding = 4; lastKnownFileType = sourcecode.c.h; path = cst_sigpr.h; sourceTree = "<group>"; };
		74A1D166120A254A000A6138 /* cst_string.h */ = {isa = PBXFileReference; fileEncoding = 4; lastKnownFileType = sourcecode.c.h; path = cst_string.h; sourceTree = "<group>"; };
		74A1D167120A254A000A6138 /* cst_sts.h */ = {isa = PBXFileReference; fileEncoding = 4; lastKnownFileType = sourcecode.c.h; path = cst_sts.h; sourceTree = "<group>"; };
		74A1D168120A254A000A6138 /* cst_synth.h */ = {isa = PBXFileReference; fileEncoding = 4; lastKnownFileType = sourcecode.c.h; path = cst_synth.h; sourceTree = "<group>"; };
		74A1D169120A254A000A6138 /* cst_tokenstream.h */ = {isa = PBXFileReference; fileEncoding = 4; lastKnownFileType = sourcecode.c.h; path = cst_tokenstream.h; sourceTree = "<group>"; };
		74A1D16A120A254A000A6138 /* cst_track.h */ = {isa = PBXFileReference; fileEncoding = 4; lastKnownFileType = sourcecode.c.h; path = cst_track.h; sourceTree = "<group>"; };
		74A1D16B120A254A000A6138 /* cst_units.h */ = {isa = PBXFileReference; fileEncoding = 4; lastKnownFileType = sourcecode.c.h; path = cst_units.h; sourceTree = "<group>"; };
		74A1D16C120A254A000A6138 /* cst_utt_utils.h */ = {isa = PBXFileReference; fileEncoding = 4; lastKnownFileType = sourcecode.c.h; path = cst_utt_utils.h; sourceTree = "<group>"; };
		74A1D16D120A254A000A6138 /* cst_utterance.h */ = {isa = PBXFileReference; fileEncoding = 4; lastKnownFileType = sourcecode.c.h; path = cst_utterance.h; sourceTree = "<group>"; };
		74A1D16E120A254A000A6138 /* cst_val.h */ = {isa = PBXFileReference; fileEncoding = 4; lastKnownFileType = sourcecode.c.h; path = cst_val.h; sourceTree = "<group>"; };
		74A1D16F120A254A000A6138 /* cst_val_const.h */ = {isa = PBXFileReference; fileEncoding = 4; lastKnownFileType = sourcecode.c.h; path = cst_val_const.h; sourceTree = "<group>"; };
		74A1D170120A254A000A6138 /* cst_val_defs.h */ = {isa = PBXFileReference; fileEncoding = 4; lastKnownFileType = sourcecode.c.h; path = cst_val_defs.h; sourceTree = "<group>"; };
		74A1D171120A254A000A6138 /* cst_vc.h */ = {isa = PBXFileReference; fileEncoding = 4; lastKnownFileType = sourcecode.c.h; path = cst_vc.h; sourceTree = "<group>"; };
		74A1D172120A254A000A6138 /* cst_viterbi.h */ = {isa = PBXFileReference; fileEncoding = 4; lastKnownFileType = sourcecode.c.h; path = cst_viterbi.h; sourceTree = "<group>"; };
		74A1D173120A254A000A6138 /* cst_voice.h */ = {isa = PBXFileReference; fileEncoding = 4; lastKnownFileType = sourcecode.c.h; path = cst_voice.h; sourceTree = "<group>"; };
		74A1D174120A254A000A6138 /* cst_wave.h */ = {isa = PBXFileReference; fileEncoding = 4; lastKnownFileType = sourcecode.c.h; path = cst_wave.h; sourceTree = "<group>"; };
		74A1D175120A254A000A6138 /* flite.h */ = {isa = PBXFileReference; fileEncoding = 4; lastKnownFileType = sourcecode.c.h; path = flite.h; sourceTree = "<group>"; };
		74A1D176120A254A000A6138 /* native_audio.h */ = {isa = PBXFileReference; fileEncoding = 4; lastKnownFileType = sourcecode.c.h; path = native_audio.h; sourceTree = "<group>"; };
		74A1D178120A254A000A6138 /* au_none.c */ = {isa = PBXFileReference; fileEncoding = 4; lastKnownFileType = sourcecode.c.c; path = au_none.c; sourceTree = "<group>"; };
		74A1D179120A254A000A6138 /* au_streaming.c */ = {isa = PBXFileReference; fileEncoding = 4; lastKnownFileType = sourcecode.c.c; path = au_streaming.c; sourceTree = "<group>"; };
		74A1D17A120A254A000A6138 /* audio.c */ = {isa = PBXFileReference; fileEncoding = 4; lastKnownFileType = sourcecode.c.c; path = audio.c; sourceTree = "<group>"; };
		74A1D17B120A254A000A6138 /* cst_alloc.c */ = {isa = PBXFileReference; fileEncoding = 4; lastKnownFileType = sourcecode.c.c; path = cst_alloc.c; sourceTree = "<group>"; };
		74A1D17C120A254A000A6138 /* cst_cart.c */ = {isa = PBXFileReference; fileEncoding = 4; lastKnownFileType = sourcecode.c.c; path = cst_cart.c; sourceTree = "<group>"; };
		74A1D17D120A254A000A6138 /* cst_cg.c */ = {isa = PBXFileReference; fileEncoding = 4; lastKnownFileType = sourcecode.c.c; path = cst_cg.c; sourceTree = "<group>"; };
		74A1D17E120A254A000A6138 /* cst_diphone.c */ = {isa = PBXFileReference; fileEncoding = 4; lastKnownFileType = sourcecode.c.c; path = cst_diphone.c; sourceTree = "<group>"; };
		74A1D17F120A254A000A6138 /* cst_endian.c */ = {isa = PBXFileReference; fileEncoding = 4; lastKnownFileType = sourcecode.c.c; path = cst_endian.c; sourceTree = "<group>"; };
		74A1D180120A254A000A6138 /* cst_error.c */ = {isa = PBXFileReference; fileEncoding = 4; lastKnownFileType = sourcecode.c.c; path = cst_error.c; sourceTree = "<group>"; };
		74A1D181120A254A000A6138 /* cst_features.c */ = {isa = PBXFileReference; fileEncoding = 4; lastKnownFileType = sourcecode.c.c; path = cst_features.c; sourceTree = "<group>"; };
		74A1D182120A254A000A6138 /* cst_ffeature.c */ = {isa = PBXFileReference; fileEncoding = 4; lastKnownFileType = sourcecode.c.c; path = cst_ffeature.c; sourceTree = "<group>"; };
		74A1D183120A254A000A6138 /* cst_ffeatures.c */ = {isa = PBXFileReference; fileEncoding = 4; lastKnownFileType = sourcecode.c.c; path = cst_ffeatures.c; sourceTree = "<group>"; };
		74A1D184120A254A000A6138 /* cst_file_stdio.c */ = {isa = PBXFileReference; fileEncoding = 4; lastKnownFileType = sourcecode.c.c; path = cst_file_stdio.c; sourceTree = "<group>"; };
		74A1D185120A254A000A6138 /* cst_item.c */ = {isa = PBXFileReference; fileEncoding = 4; lastKnownFileType = sourcecode.c.c; path = cst_item.c; sourceTree = "<group>"; };
		74A1D186120A254A000A6138 /* cst_lexicon.c */ = {isa = PBXFileReference; fileEncoding = 4; lastKnownFileType = sourcecode.c.c; path = cst_lexicon.c; sourceTree = "<group>"; };
		74A1D187120A254A000A6138 /* cst_lpcres.c */ = {isa = PBXFileReference; fileEncoding = 4; lastKnownFileType = sourcecode.c.c; path = cst_lpcres.c; sourceTree = "<group>"; };
		74A1D188120A254A000A6138 /* cst_lts.c */ = {isa = PBXFileReference; fileEncoding = 4; lastKnownFileType = sourcecode.c.c; path = cst_lts.c; sourceTree = "<group>"; };
		74A1D189120A254A000A6138 /* cst_mlpg.c */ = {isa = PBXFileReference; fileEncoding = 4; lastKnownFileType = sourcecode.c.c; path = cst_mlpg.c; sourceTree = "<group>"; };
		74A1D18A120A254A000A6138 /* cst_mlsa.c */ = {isa = PBXFileReference; fileEncoding = 4; lastKnownFileType = sourcecode.c.c; path = cst_mlsa.c; sourceTree = "<group>"; };
		74A1D18B120A254A000A6138 /* cst_phoneset.c */ = {isa = PBXFileReference; fileEncoding = 4; lastKnownFileType = sourcecode.c.c; path = cst_phoneset.c; sourceTree = "<group>"; };
		74A1D18C120A254A000A6138 /* cst_regex.c */ = {isa = PBXFileReference; fileEncoding = 4; lastKnownFileType = sourcecode.c.c; path = cst_regex.c; sourceTree = "<group>"; };
		74A1D18D120A254A000A6138 /* cst_relation.c */ = {isa = PBXFileReference; fileEncoding = 4; lastKnownFileType = sourcecode.c.c; path = cst_relation.c; sourceTree = "<group>"; };
		74A1D18E120A254A000A6138 /* cst_sigpr.c */ = {isa = PBXFileReference; fileEncoding = 4; lastKnownFileType = sourcecode.c.c; path = cst_sigpr.c; sourceTree = "<group>"; };
		74A1D18F120A254A000A6138 /* cst_string.c */ = {isa = PBXFileReference; fileEncoding = 4; lastKnownFileType = sourcecode.c.c; path = cst_string.c; sourceTree = "<group>"; };
		74A1D190120A254A000A6138 /* cst_sts.c */ = {isa = PBXFileReference; fileEncoding = 4; lastKnownFileType = sourcecode.c.c; path = cst_sts.c; sourceTree = "<group>"; };
		74A1D191120A254A000A6138 /* cst_synth.c */ = {isa = PBXFileReference; fileEncoding = 4; lastKnownFileType = sourcecode.c.c; path = cst_synth.c; sourceTree = "<group>"; };
		74A1D192120A254A000A6138 /* cst_tokenstream.c */ = {isa = PBXFileReference; fileEncoding = 4; lastKnownFileType = sourcecode.c.c; path = cst_tokenstream.c; sourceTree = "<group>"; };
		74A1D193120A254A000A6138 /* cst_track.c */ = {isa = PBXFileReference; fileEncoding = 4; lastKnownFileType = sourcecode.c.c; path = cst_track.c; sourceTree = "<group>"; };
		74A1D194120A254A000A6138 /* cst_units.c */ = {isa = PBXFileReference; fileEncoding = 4; lastKnownFileType = sourcecode.c.c; path = cst_units.c; sourceTree = "<group>"; };
		74A1D195120A254A000A6138 /* cst_utt_utils.c */ = {isa = PBXFileReference; fileEncoding = 4; lastKnownFileType = sourcecode.c.c; path = cst_utt_utils.c; sourceTree = "<group>"; };
		74A1D196120A254A000A6138 /* cst_utterance.c */ = {isa = PBXFileReference; fileEncoding = 4; lastKnownFileType = sourcecode.c.c; path = cst_utterance.c; sourceTree = "<group>"; };
		74A1D197120A254A000A6138 /* cst_val.c */ = {isa = PBXFileReference; fileEncoding = 4; lastKnownFileType = sourcecode.c.c; path = cst_val.c; sourceTree = "<group>"; };
		74A1D198120A254B000A6138 /* cst_val_const.c */ = {isa = PBXFileReference; fileEncoding = 4; lastKnownFileType = sourcecode.c.c; path = cst_val_const.c; sourceTree = "<group>"; };
		74A1D199120A254B000A6138 /* cst_val_user.c */ = {isa = PBXFileReference; fileEncoding = 4; lastKnownFileType = sourcecode.c.c; path = cst_val_user.c; sourceTree = "<group>"; };
		74A1D19A120A254B000A6138 /* cst_vc.c */ = {isa = PBXFileReference; fileEncoding = 4; lastKnownFileType = sourcecode.c.c; path = cst_vc.c; sourceTree = "<group>"; };
		74A1D19B120A254B000A6138 /* cst_voice.c */ = {isa = PBXFileReference; fileEncoding = 4; lastKnownFileType = sourcecode.c.c; path = cst_voice.c; sourceTree = "<group>"; };
		74A1D19C120A254B000A6138 /* cst_wave.c */ = {isa = PBXFileReference; fileEncoding = 4; lastKnownFileType = sourcecode.c.c; path = cst_wave.c; sourceTree = "<group>"; };
		74A1D19D120A254B000A6138 /* cst_wave_io.c */ = {isa = PBXFileReference; fileEncoding = 4; lastKnownFileType = sourcecode.c.c; path = cst_wave_io.c; sourceTree = "<group>"; };
		74A1D19E120A254B000A6138 /* cst_wave_utils.c */ = {isa = PBXFileReference; fileEncoding = 4; lastKnownFileType = sourcecode.c.c; path = cst_wave_utils.c; sourceTree = "<group>"; };
		74A1D19F120A254B000A6138 /* flite.c */ = {isa = PBXFileReference; fileEncoding = 4; lastKnownFileType = sourcecode.c.c; path = flite.c; sourceTree = "<group>"; };
		74A1D1A0120A254B000A6138 /* rateconv.c */ = {isa = PBXFileReference; fileEncoding = 4; lastKnownFileType = sourcecode.c.c; path = rateconv.c; sourceTree = "<group>"; };
		74A1D1A1120A254B000A6138 /* regexp.c */ = {isa = PBXFileReference; fileEncoding = 4; lastKnownFileType = sourcecode.c.c; path = regexp.c; sourceTree = "<group>"; };
		74A1D1A4120A254B000A6138 /* cmu_us_awb.c */ = {isa = PBXFileReference; fileEncoding = 4; lastKnownFileType = sourcecode.c.c; path = cmu_us_awb.c; sourceTree = "<group>"; };
		74A1D1A5120A254B000A6138 /* cmu_us_awb_cg.c */ = {isa = PBXFileReference; fileEncoding = 4; lastKnownFileType = sourcecode.c.c; path = cmu_us_awb_cg.c; sourceTree = "<group>"; };
		74A1D1A6120A254B000A6138 /* cmu_us_awb_cg_durmodel.c */ = {isa = PBXFileReference; fileEncoding = 4; lastKnownFileType = sourcecode.c.c; path = cmu_us_awb_cg_durmodel.c; sourceTree = "<group>"; };
		74A1D1A7120A254B000A6138 /* cmu_us_awb_cg_durmodel.h */ = {isa = PBXFileReference; fileEncoding = 4; lastKnownFileType = sourcecode.c.h; path = cmu_us_awb_cg_durmodel.h; sourceTree = "<group>"; };
		74A1D1A8120A254B000A6138 /* cmu_us_awb_cg_f0_trees.c */ = {isa = PBXFileReference; fileEncoding = 4; lastKnownFileType = sourcecode.c.c; path = cmu_us_awb_cg_f0_trees.c; sourceTree = "<group>"; };
		74A1D1A9120A254B000A6138 /* cmu_us_awb_cg_f0_trees.h */ = {isa = PBXFileReference; fileEncoding = 4; lastKnownFileType = sourcecode.c.h; path = cmu_us_awb_cg_f0_trees.h; sourceTree = "<group>"; };
		74A1D1AA120A254B000A6138 /* cmu_us_awb_cg_phonestate.c */ = {isa = PBXFileReference; fileEncoding = 4; lastKnownFileType = sourcecode.c.c; path = cmu_us_awb_cg_phonestate.c; sourceTree = "<group>"; };
		74A1D1AB120A254B000A6138 /* cmu_us_awb_cg_single_mcep_trees.c */ = {isa = PBXFileReference; fileEncoding = 4; lastKnownFileType = sourcecode.c.c; path = cmu_us_awb_cg_single_mcep_trees.c; sourceTree = "<group>"; };
		74A1D1AC120A254B000A6138 /* cmu_us_awb_cg_single_mcep_trees.h */ = {isa = PBXFileReference; fileEncoding = 4; lastKnownFileType = sourcecode.c.h; path = cmu_us_awb_cg_single_mcep_trees.h; sourceTree = "<group>"; };
		74A1D1AD120A254B000A6138 /* cmu_us_awb_cg_single_params.c */ = {isa = PBXFileReference; fileEncoding = 4; lastKnownFileType = sourcecode.c.c; path = cmu_us_awb_cg_single_params.c; sourceTree = "<group>"; };
		74A1D1AE120A254B000A6138 /* voxdefs.h */ = {isa = PBXFileReference; fileEncoding = 4; lastKnownFileType = sourcecode.c.h; path = voxdefs.h; sourceTree = "<group>"; };
		74A1D1B0120A254B000A6138 /* cmu_us_kal.c */ = {isa = PBXFileReference; fileEncoding = 4; lastKnownFileType = sourcecode.c.c; path = cmu_us_kal.c; sourceTree = "<group>"; };
		74A1D1B1120A254B000A6138 /* cmu_us_kal_diphone.c */ = {isa = PBXFileReference; fileEncoding = 4; lastKnownFileType = sourcecode.c.c; path = cmu_us_kal_diphone.c; sourceTree = "<group>"; };
		74A1D1B2120A254B000A6138 /* cmu_us_kal_lpc.c */ = {isa = PBXFileReference; fileEncoding = 4; lastKnownFileType = sourcecode.c.c; path = cmu_us_kal_lpc.c; sourceTree = "<group>"; };
		74A1D1B3120A254C000A6138 /* cmu_us_kal_res.c */ = {isa = PBXFileReference; fileEncoding = 4; lastKnownFileType = sourcecode.c.c; path = cmu_us_kal_res.c; sourceTree = "<group>"; };
		74A1D1B4120A254C000A6138 /* cmu_us_kal_residx.c */ = {isa = PBXFileReference; fileEncoding = 4; lastKnownFileType = sourcecode.c.c; path = cmu_us_kal_residx.c; sourceTree = "<group>"; };
		74A1D1B5120A254C000A6138 /* voxdefs.h */ = {isa = PBXFileReference; fileEncoding = 4; lastKnownFileType = sourcecode.c.h; path = voxdefs.h; sourceTree = "<group>"; };
		74A1D1B7120A254C000A6138 /* cmu_us_kal16.c */ = {isa = PBXFileReference; fileEncoding = 4; lastKnownFileType = sourcecode.c.c; path = cmu_us_kal16.c; sourceTree = "<group>"; };
		74A1D1B8120A254C000A6138 /* cmu_us_kal16_diphone.c */ = {isa = PBXFileReference; fileEncoding = 4; lastKnownFileType = sourcecode.c.c; path = cmu_us_kal16_diphone.c; sourceTree = "<group>"; };
		74A1D1B9120A254C000A6138 /* cmu_us_kal16_lpc.c */ = {isa = PBXFileReference; fileEncoding = 4; lastKnownFileType = sourcecode.c.c; path = cmu_us_kal16_lpc.c; sourceTree = "<group>"; };
		74A1D1BA120A254C000A6138 /* cmu_us_kal16_res.c */ = {isa = PBXFileReference; fileEncoding = 4; lastKnownFileType = sourcecode.c.c; path = cmu_us_kal16_res.c; sourceTree = "<group>"; };
		74A1D1BB120A254C000A6138 /* cmu_us_kal16_residx.c */ = {isa = PBXFileReference; fileEncoding = 4; lastKnownFileType = sourcecode.c.c; path = cmu_us_kal16_residx.c; sourceTree = "<group>"; };
		74A1D1BC120A254C000A6138 /* voxdefs.h */ = {isa = PBXFileReference; fileEncoding = 4; lastKnownFileType = sourcecode.c.h; path = voxdefs.h; sourceTree = "<group>"; };
		74A1D1BE120A254C000A6138 /* cmu_us_rms.c */ = {isa = PBXFileReference; fileEncoding = 4; lastKnownFileType = sourcecode.c.c; path = cmu_us_rms.c; sourceTree = "<group>"; };
		74A1D1BF120A254C000A6138 /* cmu_us_rms_cg.c */ = {isa = PBXFileReference; fileEncoding = 4; lastKnownFileType = sourcecode.c.c; path = cmu_us_rms_cg.c; sourceTree = "<group>"; };
		74A1D1C0120A254C000A6138 /* cmu_us_rms_cg_durmodel.c */ = {isa = PBXFileReference; fileEncoding = 4; lastKnownFileType = sourcecode.c.c; path = cmu_us_rms_cg_durmodel.c; sourceTree = "<group>"; };
		74A1D1C1120A254C000A6138 /* cmu_us_rms_cg_durmodel.h */ = {isa = PBXFileReference; fileEncoding = 4; lastKnownFileType = sourcecode.c.h; path = cmu_us_rms_cg_durmodel.h; sourceTree = "<group>"; };
		74A1D1C2120A254C000A6138 /* cmu_us_rms_cg_f0_trees.c */ = {isa = PBXFileReference; fileEncoding = 4; lastKnownFileType = sourcecode.c.c; path = cmu_us_rms_cg_f0_trees.c; sourceTree = "<group>"; };
		74A1D1C3120A254C000A6138 /* cmu_us_rms_cg_f0_trees.h */ = {isa = PBXFileReference; fileEncoding = 4; lastKnownFileType = sourcecode.c.h; path = cmu_us_rms_cg_f0_trees.h; sourceTree = "<group>"; };
		74A1D1C4120A254C000A6138 /* cmu_us_rms_cg_phonestate.c */ = {isa = PBXFileReference; fileEncoding = 4; lastKnownFileType = sourcecode.c.c; path = cmu_us_rms_cg_phonestate.c; sourceTree = "<group>"; };
		74A1D1C5120A254D000A6138 /* cmu_us_rms_cg_single_mcep_trees.c */ = {isa = PBXFileReference; fileEncoding = 4; lastKnownFileType = sourcecode.c.c; path = cmu_us_rms_cg_single_mcep_trees.c; sourceTree = "<group>"; };
		74A1D1C6120A254D000A6138 /* cmu_us_rms_cg_single_mcep_trees.h */ = {isa = PBXFileReference; fileEncoding = 4; lastKnownFileType = sourcecode.c.h; path = cmu_us_rms_cg_single_mcep_trees.h; sourceTree = "<group>"; };
		74A1D1C7120A254D000A6138 /* cmu_us_rms_cg_single_params.c */ = {isa = PBXFileReference; fileEncoding = 4; lastKnownFileType = sourcecode.c.c; path = cmu_us_rms_cg_single_params.c; sourceTree = "<group>"; };
		74A1D1C8120A254D000A6138 /* stdafx.h */ = {isa = PBXFileReference; fileEncoding = 4; lastKnownFileType = sourcecode.c.h; path = stdafx.h; sourceTree = "<group>"; };
		74A1D1C9120A254D000A6138 /* voxdefs.h */ = {isa = PBXFileReference; fileEncoding = 4; lastKnownFileType = sourcecode.c.h; path = voxdefs.h; sourceTree = "<group>"; };
		74A1D1CB120A254D000A6138 /* cmu_us_slt.c */ = {isa = PBXFileReference; fileEncoding = 4; lastKnownFileType = sourcecode.c.c; path = cmu_us_slt.c; sourceTree = "<group>"; };
		74A1D1CC120A254D000A6138 /* cmu_us_slt_cg.c */ = {isa = PBXFileReference; fileEncoding = 4; lastKnownFileType = sourcecode.c.c; path = cmu_us_slt_cg.c; sourceTree = "<group>"; };
		74A1D1CD120A254D000A6138 /* cmu_us_slt_cg_durmodel.c */ = {isa = PBXFileReference; fileEncoding = 4; lastKnownFileType = sourcecode.c.c; path = cmu_us_slt_cg_durmodel.c; sourceTree = "<group>"; };
		74A1D1CE120A254D000A6138 /* cmu_us_slt_cg_durmodel.h */ = {isa = PBXFileReference; fileEncoding = 4; lastKnownFileType = sourcecode.c.h; path = cmu_us_slt_cg_durmodel.h; sourceTree = "<group>"; };
		74A1D1CF120A254D000A6138 /* cmu_us_slt_cg_f0_trees.c */ = {isa = PBXFileReference; fileEncoding = 4; lastKnownFileType = sourcecode.c.c; path = cmu_us_slt_cg_f0_trees.c; sourceTree = "<group>"; };
		74A1D1D0120A254D000A6138 /* cmu_us_slt_cg_f0_trees.h */ = {isa = PBXFileReference; fileEncoding = 4; lastKnownFileType = sourcecode.c.h; path = cmu_us_slt_cg_f0_trees.h; sourceTree = "<group>"; };
		74A1D1D1120A254D000A6138 /* cmu_us_slt_cg_phonestate.c */ = {isa = PBXFileReference; fileEncoding = 4; lastKnownFileType = sourcecode.c.c; path = cmu_us_slt_cg_phonestate.c; sourceTree = "<group>"; };
		74A1D1D2120A254D000A6138 /* cmu_us_slt_cg_single_mcep_trees.c */ = {isa = PBXFileReference; fileEncoding = 4; lastKnownFileType = sourcecode.c.c; path = cmu_us_slt_cg_single_mcep_trees.c; sourceTree = "<group>"; };
		74A1D1D3120A254D000A6138 /* cmu_us_slt_cg_single_mcep_trees.h */ = {isa = PBXFileReference; fileEncoding = 4; lastKnownFileType = sourcecode.c.h; path = cmu_us_slt_cg_single_mcep_trees.h; sourceTree = "<group>"; };
		74A1D1D4120A254D000A6138 /* cmu_us_slt_cg_single_params.c */ = {isa = PBXFileReference; fileEncoding = 4; lastKnownFileType = sourcecode.c.c; path = cmu_us_slt_cg_single_params.c; sourceTree = "<group>"; };
		74A1D1D5120A254E000A6138 /* voxdefs.h */ = {isa = PBXFileReference; fileEncoding = 4; lastKnownFileType = sourcecode.c.h; path = voxdefs.h; sourceTree = "<group>"; };
		74A1D1D7120A254E000A6138 /* cmu_lex.c */ = {isa = PBXFileReference; fileEncoding = 4; lastKnownFileType = sourcecode.c.c; path = cmu_lex.c; sourceTree = "<group>"; };
		74A1D1D8120A254E000A6138 /* cmu_lex.h */ = {isa = PBXFileReference; fileEncoding = 4; lastKnownFileType = sourcecode.c.h; path = cmu_lex.h; sourceTree = "<group>"; };
		74A1D1D9120A254E000A6138 /* cmu_lex_data.c */ = {isa = PBXFileReference; fileEncoding = 4; lastKnownFileType = sourcecode.c.c; path = cmu_lex_data.c; sourceTree = "<group>"; };
		74A1D1DA120A254E000A6138 /* cmu_lex_entries.c */ = {isa = PBXFileReference; fileEncoding = 4; lastKnownFileType = sourcecode.c.c; path = cmu_lex_entries.c; sourceTree = "<group>"; };
		74A1D1DB120A254E000A6138 /* cmu_lts_model.c */ = {isa = PBXFileReference; fileEncoding = 4; lastKnownFileType = sourcecode.c.c; path = cmu_lts_model.c; sourceTree = "<group>"; };
		74A1D1DC120A254E000A6138 /* cmu_lts_model.h */ = {isa = PBXFileReference; fileEncoding = 4; lastKnownFileType = sourcecode.c.h; path = cmu_lts_model.h; sourceTree = "<group>"; };
		74A1D1DD120A254E000A6138 /* cmu_lts_rules.c */ = {isa = PBXFileReference; fileEncoding = 4; lastKnownFileType = sourcecode.c.c; path = cmu_lts_rules.c; sourceTree = "<group>"; };
		74A1D1DE120A254E000A6138 /* cmu_postlex.c */ = {isa = PBXFileReference; fileEncoding = 4; lastKnownFileType = sourcecode.c.c; path = cmu_postlex.c; sourceTree = "<group>"; };
		74A1D1E0120A254E000A6138 /* us_aswd.c */ = {isa = PBXFileReference; fileEncoding = 4; lastKnownFileType = sourcecode.c.c; path = us_aswd.c; sourceTree = "<group>"; };
		74A1D1E1120A254E000A6138 /* us_dur_stats.c */ = {isa = PBXFileReference; fileEncoding = 4; lastKnownFileType = sourcecode.c.c; path = us_dur_stats.c; sourceTree = "<group>"; };
		74A1D1E2120A254E000A6138 /* us_durz_cart.c */ = {isa = PBXFileReference; fileEncoding = 4; lastKnownFileType = sourcecode.c.c; path = us_durz_cart.c; sourceTree = "<group>"; };
		74A1D1E3120A254E000A6138 /* us_durz_cart.h */ = {isa = PBXFileReference; fileEncoding = 4; lastKnownFileType = sourcecode.c.h; path = us_durz_cart.h; sourceTree = "<group>"; };
		74A1D1E4120A254E000A6138 /* us_expand.c */ = {isa = PBXFileReference; fileEncoding = 4; lastKnownFileType = sourcecode.c.c; path = us_expand.c; sourceTree = "<group>"; };
		74A1D1E5120A254E000A6138 /* us_f0.h */ = {isa = PBXFileReference; fileEncoding = 4; lastKnownFileType = sourcecode.c.h; path = us_f0.h; sourceTree = "<group>"; };
		74A1D1E6120A254E000A6138 /* us_f0_model.c */ = {isa = PBXFileReference; fileEncoding = 4; lastKnownFileType = sourcecode.c.c; path = us_f0_model.c; sourceTree = "<group>"; };
		74A1D1E7120A254E000A6138 /* us_f0lr.c */ = {isa = PBXFileReference; fileEncoding = 4; lastKnownFileType = sourcecode.c.c; path = us_f0lr.c; sourceTree = "<group>"; };
		74A1D1E8120A254E000A6138 /* us_ffeatures.c */ = {isa = PBXFileReference; fileEncoding = 4; lastKnownFileType = sourcecode.c.c; path = us_ffeatures.c; sourceTree = "<group>"; };
		74A1D1E9120A254E000A6138 /* us_ffeatures.h */ = {isa = PBXFileReference; fileEncoding = 4; lastKnownFileType = sourcecode.c.h; path = us_ffeatures.h; sourceTree = "<group>"; };
		74A1D1EA120A254E000A6138 /* us_gpos.c */ = {isa = PBXFileReference; fileEncoding = 4; lastKnownFileType = sourcecode.c.c; path = us_gpos.c; sourceTree = "<group>"; };
		74A1D1EB120A254E000A6138 /* us_int_accent_cart.c */ = {isa = PBXFileReference; fileEncoding = 4; lastKnownFileType = sourcecode.c.c; path = us_int_accent_cart.c; sourceTree = "<group>"; };
		74A1D1EC120A254E000A6138 /* us_int_accent_cart.h */ = {isa = PBXFileReference; fileEncoding = 4; lastKnownFileType = sourcecode.c.h; path = us_int_accent_cart.h; sourceTree = "<group>"; };
		74A1D1ED120A254E000A6138 /* us_int_tone_cart.c */ = {isa = PBXFileReference; fileEncoding = 4; lastKnownFileType = sourcecode.c.c; path = us_int_tone_cart.c; sourceTree = "<group>"; };
		74A1D1EE120A254E000A6138 /* us_int_tone_cart.h */ = {isa = PBXFileReference; fileEncoding = 4; lastKnownFileType = sourcecode.c.h; path = us_int_tone_cart.h; sourceTree = "<group>"; };
		74A1D1EF120A254E000A6138 /* us_nums_cart.c */ = {isa = PBXFileReference; fileEncoding = 4; lastKnownFileType = sourcecode.c.c; path = us_nums_cart.c; sourceTree = "<group>"; };
		74A1D1F0120A254E000A6138 /* us_nums_cart.h */ = {isa = PBXFileReference; fileEncoding = 4; lastKnownFileType = sourcecode.c.h; path = us_nums_cart.h; sourceTree = "<group>"; };
		74A1D1F1120A254E000A6138 /* us_phoneset.c */ = {isa = PBXFileReference; fileEncoding = 4; lastKnownFileType = sourcecode.c.c; path = us_phoneset.c; sourceTree = "<group>"; };
		74A1D1F2120A254E000A6138 /* us_phrasing_cart.c */ = {isa = PBXFileReference; fileEncoding = 4; lastKnownFileType = sourcecode.c.c; path = us_phrasing_cart.c; sourceTree = "<group>"; };
		74A1D1F3120A254E000A6138 /* us_phrasing_cart.h */ = {isa = PBXFileReference; fileEncoding = 4; lastKnownFileType = sourcecode.c.h; path = us_phrasing_cart.h; sourceTree = "<group>"; };
		74A1D1F4120A254E000A6138 /* us_pos.tree */ = {isa = PBXFileReference; fileEncoding = 4; lastKnownFileType = text; path = us_pos.tree; sourceTree = "<group>"; };
		74A1D1F5120A254E000A6138 /* us_pos_cart.c */ = {isa = PBXFileReference; fileEncoding = 4; lastKnownFileType = sourcecode.c.c; path = us_pos_cart.c; sourceTree = "<group>"; };
		74A1D1F6120A254E000A6138 /* us_pos_cart.h */ = {isa = PBXFileReference; fileEncoding = 4; lastKnownFileType = sourcecode.c.h; path = us_pos_cart.h; sourceTree = "<group>"; };
		74A1D1F7120A254E000A6138 /* us_regexes.h */ = {isa = PBXFileReference; fileEncoding = 4; lastKnownFileType = sourcecode.c.h; path = us_regexes.h; sourceTree = "<group>"; };
		74A1D1F8120A254E000A6138 /* us_text.c */ = {isa = PBXFileReference; fileEncoding = 4; lastKnownFileType = sourcecode.c.c; path = us_text.c; sourceTree = "<group>"; };
		74A1D1F9120A254E000A6138 /* us_text.h */ = {isa = PBXFileReference; fileEncoding = 4; lastKnownFileType = sourcecode.c.h; path = us_text.h; sourceTree = "<group>"; };
		74A1D1FA120A254E000A6138 /* usenglish.c */ = {isa = PBXFileReference; fileEncoding = 4; lastKnownFileType = sourcecode.c.c; path = usenglish.c; sourceTree = "<group>"; };
		74A1D1FB120A254E000A6138 /* usenglish.h */ = {isa = PBXFileReference; fileEncoding = 4; lastKnownFileType = sourcecode.c.h; path = usenglish.h; sourceTree = "<group>"; };
		74A1D25C120A255A000A6138 /* FliteTTS.h */ = {isa = PBXFileReference; fileEncoding = 4; lastKnownFileType = sourcecode.c.h; path = FliteTTS.h; sourceTree = "<group>"; };
		74A1D25D120A255A000A6138 /* FliteTTS.m */ = {isa = PBXFileReference; fileEncoding = 4; lastKnownFileType = sourcecode.c.objc; path = FliteTTS.m; sourceTree = "<group>"; };
		74A1D276120A2621000A6138 /* AVFoundation.framework */ = {isa = PBXFileReference; lastKnownFileType = wrapper.framework; name = AVFoundation.framework; path = System/Library/Frameworks/AVFoundation.framework; sourceTree = SDKROOT; };
		8D1107310486CEB800E47090 /* PhraseTTS-Info.plist */ = {isa = PBXFileReference; fileEncoding = 4; lastKnownFileType = text.plist.xml; path = "PhraseTTS-Info.plist"; plistStructureDefinitionIdentifier = "com.apple.xcode.plist.structure-definition.iphone.info-plist"; sourceTree = "<group>"; };
/* End PBXFileReference section */

/* Begin PBXFrameworksBuildPhase section */
		1D60588F0D05DD3D006BFB54 /* Frameworks */ = {
			isa = PBXFrameworksBuildPhase;
			buildActionMask = 2147483647;
			files = (
				1D60589F0D05DD5A006BFB54 /* Foundation.framework in Frameworks */,
				1DF5F4E00D08C38300B7A737 /* UIKit.framework in Frameworks */,
				288765A50DF7441C002DB57D /* CoreGraphics.framework in Frameworks */,
				74A1D277120A2621000A6138 /* AVFoundation.framework in Frameworks */,
				74202698120B6187002FC0E5 /* CoreText.framework in Frameworks */,
			);
			runOnlyForDeploymentPostprocessing = 0;
		};
/* End PBXFrameworksBuildPhase section */

/* Begin PBXGroup section */
		080E96DDFE201D6D7F000001 /* Classes */ = {
			isa = PBXGroup;
			children = (
				1D3623240D0F684500981E51 /* PhraseTTSAppDelegate.h */,
				1D3623250D0F684500981E51 /* PhraseTTSAppDelegate.m */,
				28D7ACF60DDB3853001CB0EB /* PhraseTTSViewController.h */,
				28D7ACF70DDB3853001CB0EB /* PhraseTTSViewController.m */,
				74202678120B5F83002FC0E5 /* WordSuggestionsView.h */,
				74202679120B5F83002FC0E5 /* WordSuggestionsView.m */,
				74A1CFA71209C76C000A6138 /* SearchResultCell.h */,
				74A1CFA81209C76C000A6138 /* SearchResultCell.m */,
				74A1CF451209C08D000A6138 /* SettingsViewController.h */,
				74A1CF461209C08D000A6138 /* SettingsViewController.m */,
				74A1CF471209C08D000A6138 /* SettingsViewController.xib */,
				742024F9120A470A002FC0E5 /* MultipleChoiceSettingsController.h */,
				742024FA120A470A002FC0E5 /* MultipleChoiceSettingsController.m */,
				742024FB120A470A002FC0E5 /* MultipleChoiceSettingsController.xib */,
			);
			path = Classes;
			sourceTree = "<group>";
		};
		19C28FACFE9D520D11CA2CBB /* Products */ = {
			isa = PBXGroup;
			children = (
				1D6058910D05DD3D006BFB54 /* PhraseTTS.app */,
			);
			name = Products;
			sourceTree = "<group>";
		};
		29B97314FDCFA39411CA2CEA /* CustomTemplate */ = {
			isa = PBXGroup;
			children = (
				080E96DDFE201D6D7F000001 /* Classes */,
				29B97315FDCFA39411CA2CEA /* Other Sources */,
				29B97317FDCFA39411CA2CEA /* Resources */,
				29B97323FDCFA39411CA2CEA /* Frameworks */,
				19C28FACFE9D520D11CA2CBB /* Products */,
				74A1D276120A2621000A6138 /* AVFoundation.framework */,
				74202697120B6187002FC0E5 /* CoreText.framework */,
			);
			name = CustomTemplate;
			sourceTree = "<group>";
		};
		29B97315FDCFA39411CA2CEA /* Other Sources */ = {
			isa = PBXGroup;
			children = (
				74A1D14D120A251A000A6138 /* TTS Engine */,
				745CCB891208A8570019FECD /* SearchResult.m */,
				745CCB8A1208A8570019FECD /* SearchResult.h */,
				745CCA9F120879340019FECD /* Model.h */,
				745CCAA0120879340019FECD /* Model.m */,
				745CCA7F120877830019FECD /* DB */,
				745CCA2312086F230019FECD /* sqlite-amalgamation-3_7_0 */,
				32CA4F630368D1EE00C91783 /* PhraseTTS_Prefix.pch */,
				29B97316FDCFA39411CA2CEA /* main.m */,
				74A1D0D1120A0B9E000A6138 /* UICustomSearchBar.h */,
				74A1D0D2120A0B9E000A6138 /* UICustomSearchBar.m */,
				742024B9120A3912002FC0E5 /* LLHUDStatusView.h */,
				742024BA120A3912002FC0E5 /* LLHUDStatusView.m */,
				742024AB120A367E002FC0E5 /* LoadingView.h */,
				742024AC120A367E002FC0E5 /* LoadingView.m */,
				74202552120A4E86002FC0E5 /* Constants.h */,
			);
			name = "Other Sources";
			sourceTree = "<group>";
		};
		29B97317FDCFA39411CA2CEA /* Resources */ = {
			isa = PBXGroup;
			children = (
				74202750120BA549002FC0E5 /* Icon72.png */,
				74202726120B9B6B002FC0E5 /* words_short.txt */,
				742026CE120B7A06002FC0E5 /* words_clean.txt */,
				742024B7120A38B7002FC0E5 /* black_rounded_rect_s9_dark.png */,
				74A1CF1F1209BE4B000A6138 /* settings_tab_icon.png */,
				745CCBD51208B9440019FECD /* phrases.txt */,
				745CCB0F120882D10019FECD /* phrases.sqlite3 */,
				2899E5210DE3E06400AC0155 /* PhraseTTSViewController.xib */,
				28AD733E0D9D9553002E5188 /* MainWindow.xib */,
				8D1107310486CEB800E47090 /* PhraseTTS-Info.plist */,
				74A1CFA51209C695000A6138 /* TODO */,
			);
			name = Resources;
			sourceTree = "<group>";
		};
		29B97323FDCFA39411CA2CEA /* Frameworks */ = {
			isa = PBXGroup;
			children = (
				1DF5F4DF0D08C38300B7A737 /* UIKit.framework */,
				1D30AB110D05D00D00671497 /* Foundation.framework */,
				288765A40DF7441C002DB57D /* CoreGraphics.framework */,
			);
			name = Frameworks;
			sourceTree = "<group>";
		};
		745CCA2312086F230019FECD /* sqlite-amalgamation-3_7_0 */ = {
			isa = PBXGroup;
			children = (
				745CCA2512086F230019FECD /* sqlite3.c */,
				745CCA2612086F230019FECD /* sqlite3.def */,
				745CCA2712086F230019FECD /* sqlite3.h */,
				745CCA2812086F230019FECD /* sqlite3ext.h */,
			);
			path = "sqlite-amalgamation-3_7_0";
			sourceTree = "<group>";
		};
		745CCA7F120877830019FECD /* DB */ = {
			isa = PBXGroup;
			children = (
				745CCA80120877830019FECD /* FMDatabase.h */,
				745CCA81120877830019FECD /* FMDatabaseAdditions.h */,
				745CCA82120877830019FECD /* FMDatabaseAdditions.m */,
				745CCA83120877830019FECD /* FMResultSet.m */,
				745CCA85120877830019FECD /* FMDatabase.m */,
				745CCA86120877830019FECD /* FMResultSet.h */,
			);
			name = DB;
			sourceTree = "<group>";
		};
		74A1D14D120A251A000A6138 /* TTS Engine */ = {
			isa = PBXGroup;
			children = (
				74A1D25C120A255A000A6138 /* FliteTTS.h */,
				74A1D25D120A255A000A6138 /* FliteTTS.m */,
				74A1D14E120A254A000A6138 /* flite-1.4-iphone */,
			);
			name = "TTS Engine";
			sourceTree = "<group>";
		};
		74A1D14E120A254A000A6138 /* flite-1.4-iphone */ = {
			isa = PBXGroup;
			children = (
				74A1D14F120A254A000A6138 /* include */,
				74A1D177120A254A000A6138 /* src */,
				74A1D1A2120A254B000A6138 /* voices */,
			);
			path = "flite-1.4-iphone";
			sourceTree = "<group>";
		};
		74A1D14F120A254A000A6138 /* include */ = {
			isa = PBXGroup;
			children = (
				74A1D150120A254A000A6138 /* cst_alloc.h */,
				74A1D151120A254A000A6138 /* cst_audio.h */,
				74A1D152120A254A000A6138 /* cst_cart.h */,
				74A1D153120A254A000A6138 /* cst_cg.h */,
				74A1D154120A254A000A6138 /* cst_diphone.h */,
				74A1D155120A254A000A6138 /* cst_endian.h */,
				74A1D156120A254A000A6138 /* cst_error.h */,
				74A1D157120A254A000A6138 /* cst_features.h */,
				74A1D158120A254A000A6138 /* cst_ffeatures.h */,
				74A1D159120A254A000A6138 /* cst_file.h */,
				74A1D15A120A254A000A6138 /* cst_hrg.h */,
				74A1D15B120A254A000A6138 /* cst_item.h */,
				74A1D15C120A254A000A6138 /* cst_lexicon.h */,
				74A1D15D120A254A000A6138 /* cst_lts.h */,
				74A1D15E120A254A000A6138 /* cst_math.h */,
				74A1D15F120A254A000A6138 /* cst_mlpg.h */,
				74A1D160120A254A000A6138 /* cst_mlsa.h */,
				74A1D161120A254A000A6138 /* cst_phoneset.h */,
				74A1D162120A254A000A6138 /* cst_regex.h */,
				74A1D163120A254A000A6138 /* cst_regex_defs.h */,
				74A1D164120A254A000A6138 /* cst_relation.h */,
				74A1D165120A254A000A6138 /* cst_sigpr.h */,
				74A1D166120A254A000A6138 /* cst_string.h */,
				74A1D167120A254A000A6138 /* cst_sts.h */,
				74A1D168120A254A000A6138 /* cst_synth.h */,
				74A1D169120A254A000A6138 /* cst_tokenstream.h */,
				74A1D16A120A254A000A6138 /* cst_track.h */,
				74A1D16B120A254A000A6138 /* cst_units.h */,
				74A1D16C120A254A000A6138 /* cst_utt_utils.h */,
				74A1D16D120A254A000A6138 /* cst_utterance.h */,
				74A1D16E120A254A000A6138 /* cst_val.h */,
				74A1D16F120A254A000A6138 /* cst_val_const.h */,
				74A1D170120A254A000A6138 /* cst_val_defs.h */,
				74A1D171120A254A000A6138 /* cst_vc.h */,
				74A1D172120A254A000A6138 /* cst_viterbi.h */,
				74A1D173120A254A000A6138 /* cst_voice.h */,
				74A1D174120A254A000A6138 /* cst_wave.h */,
				74A1D175120A254A000A6138 /* flite.h */,
				74A1D176120A254A000A6138 /* native_audio.h */,
			);
			path = include;
			sourceTree = "<group>";
		};
		74A1D177120A254A000A6138 /* src */ = {
			isa = PBXGroup;
			children = (
				74A1D178120A254A000A6138 /* au_none.c */,
				74A1D179120A254A000A6138 /* au_streaming.c */,
				74A1D17A120A254A000A6138 /* audio.c */,
				74A1D17B120A254A000A6138 /* cst_alloc.c */,
				74A1D17C120A254A000A6138 /* cst_cart.c */,
				74A1D17D120A254A000A6138 /* cst_cg.c */,
				74A1D17E120A254A000A6138 /* cst_diphone.c */,
				74A1D17F120A254A000A6138 /* cst_endian.c */,
				74A1D180120A254A000A6138 /* cst_error.c */,
				74A1D181120A254A000A6138 /* cst_features.c */,
				74A1D182120A254A000A6138 /* cst_ffeature.c */,
				74A1D183120A254A000A6138 /* cst_ffeatures.c */,
				74A1D184120A254A000A6138 /* cst_file_stdio.c */,
				74A1D185120A254A000A6138 /* cst_item.c */,
				74A1D186120A254A000A6138 /* cst_lexicon.c */,
				74A1D187120A254A000A6138 /* cst_lpcres.c */,
				74A1D188120A254A000A6138 /* cst_lts.c */,
				74A1D189120A254A000A6138 /* cst_mlpg.c */,
				74A1D18A120A254A000A6138 /* cst_mlsa.c */,
				74A1D18B120A254A000A6138 /* cst_phoneset.c */,
				74A1D18C120A254A000A6138 /* cst_regex.c */,
				74A1D18D120A254A000A6138 /* cst_relation.c */,
				74A1D18E120A254A000A6138 /* cst_sigpr.c */,
				74A1D18F120A254A000A6138 /* cst_string.c */,
				74A1D190120A254A000A6138 /* cst_sts.c */,
				74A1D191120A254A000A6138 /* cst_synth.c */,
				74A1D192120A254A000A6138 /* cst_tokenstream.c */,
				74A1D193120A254A000A6138 /* cst_track.c */,
				74A1D194120A254A000A6138 /* cst_units.c */,
				74A1D195120A254A000A6138 /* cst_utt_utils.c */,
				74A1D196120A254A000A6138 /* cst_utterance.c */,
				74A1D197120A254A000A6138 /* cst_val.c */,
				74A1D198120A254B000A6138 /* cst_val_const.c */,
				74A1D199120A254B000A6138 /* cst_val_user.c */,
				74A1D19A120A254B000A6138 /* cst_vc.c */,
				74A1D19B120A254B000A6138 /* cst_voice.c */,
				74A1D19C120A254B000A6138 /* cst_wave.c */,
				74A1D19D120A254B000A6138 /* cst_wave_io.c */,
				74A1D19E120A254B000A6138 /* cst_wave_utils.c */,
				74A1D19F120A254B000A6138 /* flite.c */,
				74A1D1A0120A254B000A6138 /* rateconv.c */,
				74A1D1A1120A254B000A6138 /* regexp.c */,
			);
			path = src;
			sourceTree = "<group>";
		};
		74A1D1A2120A254B000A6138 /* voices */ = {
			isa = PBXGroup;
			children = (
				74A1D1A3120A254B000A6138 /* cmu_us_awb */,
				74A1D1AF120A254B000A6138 /* cmu_us_kal */,
				74A1D1B6120A254C000A6138 /* cmu_us_kal16 */,
				74A1D1BD120A254C000A6138 /* cmu_us_rms */,
				74A1D1CA120A254D000A6138 /* cmu_us_slt */,
				74A1D1D6120A254E000A6138 /* cmulex */,
				74A1D1DF120A254E000A6138 /* usenglish */,
			);
			path = voices;
			sourceTree = "<group>";
		};
		74A1D1A3120A254B000A6138 /* cmu_us_awb */ = {
			isa = PBXGroup;
			children = (
				74A1D1A4120A254B000A6138 /* cmu_us_awb.c */,
				74A1D1A5120A254B000A6138 /* cmu_us_awb_cg.c */,
				74A1D1A6120A254B000A6138 /* cmu_us_awb_cg_durmodel.c */,
				74A1D1A7120A254B000A6138 /* cmu_us_awb_cg_durmodel.h */,
				74A1D1A8120A254B000A6138 /* cmu_us_awb_cg_f0_trees.c */,
				74A1D1A9120A254B000A6138 /* cmu_us_awb_cg_f0_trees.h */,
				74A1D1AA120A254B000A6138 /* cmu_us_awb_cg_phonestate.c */,
				74A1D1AB120A254B000A6138 /* cmu_us_awb_cg_single_mcep_trees.c */,
				74A1D1AC120A254B000A6138 /* cmu_us_awb_cg_single_mcep_trees.h */,
				74A1D1AD120A254B000A6138 /* cmu_us_awb_cg_single_params.c */,
				74A1D1AE120A254B000A6138 /* voxdefs.h */,
			);
			path = cmu_us_awb;
			sourceTree = "<group>";
		};
		74A1D1AF120A254B000A6138 /* cmu_us_kal */ = {
			isa = PBXGroup;
			children = (
				74A1D1B0120A254B000A6138 /* cmu_us_kal.c */,
				74A1D1B1120A254B000A6138 /* cmu_us_kal_diphone.c */,
				74A1D1B2120A254B000A6138 /* cmu_us_kal_lpc.c */,
				74A1D1B3120A254C000A6138 /* cmu_us_kal_res.c */,
				74A1D1B4120A254C000A6138 /* cmu_us_kal_residx.c */,
				74A1D1B5120A254C000A6138 /* voxdefs.h */,
			);
			path = cmu_us_kal;
			sourceTree = "<group>";
		};
		74A1D1B6120A254C000A6138 /* cmu_us_kal16 */ = {
			isa = PBXGroup;
			children = (
				74A1D1B7120A254C000A6138 /* cmu_us_kal16.c */,
				74A1D1B8120A254C000A6138 /* cmu_us_kal16_diphone.c */,
				74A1D1B9120A254C000A6138 /* cmu_us_kal16_lpc.c */,
				74A1D1BA120A254C000A6138 /* cmu_us_kal16_res.c */,
				74A1D1BB120A254C000A6138 /* cmu_us_kal16_residx.c */,
				74A1D1BC120A254C000A6138 /* voxdefs.h */,
			);
			path = cmu_us_kal16;
			sourceTree = "<group>";
		};
		74A1D1BD120A254C000A6138 /* cmu_us_rms */ = {
			isa = PBXGroup;
			children = (
				74A1D1BE120A254C000A6138 /* cmu_us_rms.c */,
				74A1D1BF120A254C000A6138 /* cmu_us_rms_cg.c */,
				74A1D1C0120A254C000A6138 /* cmu_us_rms_cg_durmodel.c */,
				74A1D1C1120A254C000A6138 /* cmu_us_rms_cg_durmodel.h */,
				74A1D1C2120A254C000A6138 /* cmu_us_rms_cg_f0_trees.c */,
				74A1D1C3120A254C000A6138 /* cmu_us_rms_cg_f0_trees.h */,
				74A1D1C4120A254C000A6138 /* cmu_us_rms_cg_phonestate.c */,
				74A1D1C5120A254D000A6138 /* cmu_us_rms_cg_single_mcep_trees.c */,
				74A1D1C6120A254D000A6138 /* cmu_us_rms_cg_single_mcep_trees.h */,
				74A1D1C7120A254D000A6138 /* cmu_us_rms_cg_single_params.c */,
				74A1D1C8120A254D000A6138 /* stdafx.h */,
				74A1D1C9120A254D000A6138 /* voxdefs.h */,
			);
			path = cmu_us_rms;
			sourceTree = "<group>";
		};
		74A1D1CA120A254D000A6138 /* cmu_us_slt */ = {
			isa = PBXGroup;
			children = (
				74A1D1CB120A254D000A6138 /* cmu_us_slt.c */,
				74A1D1CC120A254D000A6138 /* cmu_us_slt_cg.c */,
				74A1D1CD120A254D000A6138 /* cmu_us_slt_cg_durmodel.c */,
				74A1D1CE120A254D000A6138 /* cmu_us_slt_cg_durmodel.h */,
				74A1D1CF120A254D000A6138 /* cmu_us_slt_cg_f0_trees.c */,
				74A1D1D0120A254D000A6138 /* cmu_us_slt_cg_f0_trees.h */,
				74A1D1D1120A254D000A6138 /* cmu_us_slt_cg_phonestate.c */,
				74A1D1D2120A254D000A6138 /* cmu_us_slt_cg_single_mcep_trees.c */,
				74A1D1D3120A254D000A6138 /* cmu_us_slt_cg_single_mcep_trees.h */,
				74A1D1D4120A254D000A6138 /* cmu_us_slt_cg_single_params.c */,
				74A1D1D5120A254E000A6138 /* voxdefs.h */,
			);
			path = cmu_us_slt;
			sourceTree = "<group>";
		};
		74A1D1D6120A254E000A6138 /* cmulex */ = {
			isa = PBXGroup;
			children = (
				74A1D1D7120A254E000A6138 /* cmu_lex.c */,
				74A1D1D8120A254E000A6138 /* cmu_lex.h */,
				74A1D1D9120A254E000A6138 /* cmu_lex_data.c */,
				74A1D1DA120A254E000A6138 /* cmu_lex_entries.c */,
				74A1D1DB120A254E000A6138 /* cmu_lts_model.c */,
				74A1D1DC120A254E000A6138 /* cmu_lts_model.h */,
				74A1D1DD120A254E000A6138 /* cmu_lts_rules.c */,
				74A1D1DE120A254E000A6138 /* cmu_postlex.c */,
			);
			path = cmulex;
			sourceTree = "<group>";
		};
		74A1D1DF120A254E000A6138 /* usenglish */ = {
			isa = PBXGroup;
			children = (
				74A1D1E0120A254E000A6138 /* us_aswd.c */,
				74A1D1E1120A254E000A6138 /* us_dur_stats.c */,
				74A1D1E2120A254E000A6138 /* us_durz_cart.c */,
				74A1D1E3120A254E000A6138 /* us_durz_cart.h */,
				74A1D1E4120A254E000A6138 /* us_expand.c */,
				74A1D1E5120A254E000A6138 /* us_f0.h */,
				74A1D1E6120A254E000A6138 /* us_f0_model.c */,
				74A1D1E7120A254E000A6138 /* us_f0lr.c */,
				74A1D1E8120A254E000A6138 /* us_ffeatures.c */,
				74A1D1E9120A254E000A6138 /* us_ffeatures.h */,
				74A1D1EA120A254E000A6138 /* us_gpos.c */,
				74A1D1EB120A254E000A6138 /* us_int_accent_cart.c */,
				74A1D1EC120A254E000A6138 /* us_int_accent_cart.h */,
				74A1D1ED120A254E000A6138 /* us_int_tone_cart.c */,
				74A1D1EE120A254E000A6138 /* us_int_tone_cart.h */,
				74A1D1EF120A254E000A6138 /* us_nums_cart.c */,
				74A1D1F0120A254E000A6138 /* us_nums_cart.h */,
				74A1D1F1120A254E000A6138 /* us_phoneset.c */,
				74A1D1F2120A254E000A6138 /* us_phrasing_cart.c */,
				74A1D1F3120A254E000A6138 /* us_phrasing_cart.h */,
				74A1D1F4120A254E000A6138 /* us_pos.tree */,
				74A1D1F5120A254E000A6138 /* us_pos_cart.c */,
				74A1D1F6120A254E000A6138 /* us_pos_cart.h */,
				74A1D1F7120A254E000A6138 /* us_regexes.h */,
				74A1D1F8120A254E000A6138 /* us_text.c */,
				74A1D1F9120A254E000A6138 /* us_text.h */,
				74A1D1FA120A254E000A6138 /* usenglish.c */,
				74A1D1FB120A254E000A6138 /* usenglish.h */,
			);
			path = usenglish;
			sourceTree = "<group>";
		};
/* End PBXGroup section */

/* Begin PBXNativeTarget section */
		1D6058900D05DD3D006BFB54 /* PhraseTTS */ = {
			isa = PBXNativeTarget;
			buildConfigurationList = 1D6058960D05DD3E006BFB54 /* Build configuration list for PBXNativeTarget "PhraseTTS" */;
			buildPhases = (
				1D60588D0D05DD3D006BFB54 /* Resources */,
				1D60588E0D05DD3D006BFB54 /* Sources */,
				1D60588F0D05DD3D006BFB54 /* Frameworks */,
			);
			buildRules = (
			);
			dependencies = (
			);
			name = PhraseTTS;
			productName = PhraseTTS;
			productReference = 1D6058910D05DD3D006BFB54 /* PhraseTTS.app */;
			productType = "com.apple.product-type.application";
		};
/* End PBXNativeTarget section */

/* Begin PBXProject section */
		29B97313FDCFA39411CA2CEA /* Project object */ = {
			isa = PBXProject;
			buildConfigurationList = C01FCF4E08A954540054247B /* Build configuration list for PBXProject "PhraseTTS" */;
			compatibilityVersion = "Xcode 3.1";
			hasScannedForEncodings = 1;
			mainGroup = 29B97314FDCFA39411CA2CEA /* CustomTemplate */;
			projectDirPath = "";
			projectRoot = "";
			targets = (
				1D6058900D05DD3D006BFB54 /* PhraseTTS */,
			);
		};
/* End PBXProject section */

/* Begin PBXResourcesBuildPhase section */
		1D60588D0D05DD3D006BFB54 /* Resources */ = {
			isa = PBXResourcesBuildPhase;
			buildActionMask = 2147483647;
			files = (
				28AD733F0D9D9553002E5188 /* MainWindow.xib in Resources */,
				2899E5220DE3E06400AC0155 /* PhraseTTSViewController.xib in Resources */,
				745CCA2B12086F230019FECD /* sqlite3.def in Resources */,
				745CCB10120882D10019FECD /* phrases.sqlite3 in Resources */,
				745CCBD61208B9440019FECD /* phrases.txt in Resources */,
				74A1CF201209BE4B000A6138 /* settings_tab_icon.png in Resources */,
				74A1CF491209C08D000A6138 /* SettingsViewController.xib in Resources */,
				74A1CFA61209C695000A6138 /* TODO in Resources */,
				74A1D258120A254E000A6138 /* us_pos.tree in Resources */,
				742024B8120A38B7002FC0E5 /* black_rounded_rect_s9_dark.png in Resources */,
				742024FD120A470A002FC0E5 /* MultipleChoiceSettingsController.xib in Resources */,
				742026CF120B7A06002FC0E5 /* words_clean.txt in Resources */,
				74202727120B9B6B002FC0E5 /* words_short.txt in Resources */,
				74202751120BA549002FC0E5 /* Icon72.png in Resources */,
			);
			runOnlyForDeploymentPostprocessing = 0;
		};
/* End PBXResourcesBuildPhase section */

/* Begin PBXSourcesBuildPhase section */
		1D60588E0D05DD3D006BFB54 /* Sources */ = {
			isa = PBXSourcesBuildPhase;
			buildActionMask = 2147483647;
			files = (
				1D60589B0D05DD56006BFB54 /* main.m in Sources */,
				1D3623260D0F684500981E51 /* PhraseTTSAppDelegate.m in Sources */,
				28D7ACF80DDB3853001CB0EB /* PhraseTTSViewController.m in Sources */,
				745CCA2A12086F230019FECD /* sqlite3.c in Sources */,
				745CCA89120877830019FECD /* FMDatabaseAdditions.m in Sources */,
				745CCA8A120877830019FECD /* FMResultSet.m in Sources */,
				745CCA8C120877830019FECD /* FMDatabase.m in Sources */,
				745CCAA1120879340019FECD /* Model.m in Sources */,
				745CCB8B1208A8580019FECD /* SearchResult.m in Sources */,
				74A1CF481209C08D000A6138 /* SettingsViewController.m in Sources */,
				74A1CFA91209C76C000A6138 /* SearchResultCell.m in Sources */,
				74A1D0D3120A0B9E000A6138 /* UICustomSearchBar.m in Sources */,
				74A1D1FC120A254E000A6138 /* au_none.c in Sources */,
				74A1D1FD120A254E000A6138 /* au_streaming.c in Sources */,
				74A1D1FE120A254E000A6138 /* audio.c in Sources */,
				74A1D1FF120A254E000A6138 /* cst_alloc.c in Sources */,
				74A1D200120A254E000A6138 /* cst_cart.c in Sources */,
				74A1D201120A254E000A6138 /* cst_cg.c in Sources */,
				74A1D202120A254E000A6138 /* cst_diphone.c in Sources */,
				74A1D203120A254E000A6138 /* cst_endian.c in Sources */,
				74A1D204120A254E000A6138 /* cst_error.c in Sources */,
				74A1D205120A254E000A6138 /* cst_features.c in Sources */,
				74A1D206120A254E000A6138 /* cst_ffeature.c in Sources */,
				74A1D207120A254E000A6138 /* cst_ffeatures.c in Sources */,
				74A1D208120A254E000A6138 /* cst_file_stdio.c in Sources */,
				74A1D209120A254E000A6138 /* cst_item.c in Sources */,
				74A1D20A120A254E000A6138 /* cst_lexicon.c in Sources */,
				74A1D20B120A254E000A6138 /* cst_lpcres.c in Sources */,
				74A1D20C120A254E000A6138 /* cst_lts.c in Sources */,
				74A1D20D120A254E000A6138 /* cst_mlpg.c in Sources */,
				74A1D20E120A254E000A6138 /* cst_mlsa.c in Sources */,
				74A1D20F120A254E000A6138 /* cst_phoneset.c in Sources */,
				74A1D210120A254E000A6138 /* cst_regex.c in Sources */,
				74A1D211120A254E000A6138 /* cst_relation.c in Sources */,
				74A1D212120A254E000A6138 /* cst_sigpr.c in Sources */,
				74A1D213120A254E000A6138 /* cst_string.c in Sources */,
				74A1D214120A254E000A6138 /* cst_sts.c in Sources */,
				74A1D215120A254E000A6138 /* cst_synth.c in Sources */,
				74A1D216120A254E000A6138 /* cst_tokenstream.c in Sources */,
				74A1D217120A254E000A6138 /* cst_track.c in Sources */,
				74A1D218120A254E000A6138 /* cst_units.c in Sources */,
				74A1D219120A254E000A6138 /* cst_utt_utils.c in Sources */,
				74A1D21A120A254E000A6138 /* cst_utterance.c in Sources */,
				74A1D21B120A254E000A6138 /* cst_val.c in Sources */,
				74A1D21C120A254E000A6138 /* cst_val_const.c in Sources */,
				74A1D21D120A254E000A6138 /* cst_val_user.c in Sources */,
				74A1D21E120A254E000A6138 /* cst_vc.c in Sources */,
				74A1D21F120A254E000A6138 /* cst_voice.c in Sources */,
				74A1D220120A254E000A6138 /* cst_wave.c in Sources */,
				74A1D221120A254E000A6138 /* cst_wave_io.c in Sources */,
				74A1D222120A254E000A6138 /* cst_wave_utils.c in Sources */,
				74A1D223120A254E000A6138 /* flite.c in Sources */,
				74A1D224120A254E000A6138 /* rateconv.c in Sources */,
				74A1D225120A254E000A6138 /* regexp.c in Sources */,
				74A1D226120A254E000A6138 /* cmu_us_awb.c in Sources */,
				74A1D227120A254E000A6138 /* cmu_us_awb_cg.c in Sources */,
				74A1D228120A254E000A6138 /* cmu_us_awb_cg_durmodel.c in Sources */,
				74A1D229120A254E000A6138 /* cmu_us_awb_cg_f0_trees.c in Sources */,
				74A1D22A120A254E000A6138 /* cmu_us_awb_cg_phonestate.c in Sources */,
				74A1D22B120A254E000A6138 /* cmu_us_awb_cg_single_mcep_trees.c in Sources */,
				74A1D22C120A254E000A6138 /* cmu_us_awb_cg_single_params.c in Sources */,
				74A1D22D120A254E000A6138 /* cmu_us_kal.c in Sources */,
				74A1D22E120A254E000A6138 /* cmu_us_kal_diphone.c in Sources */,
				74A1D22F120A254E000A6138 /* cmu_us_kal_lpc.c in Sources */,
				74A1D230120A254E000A6138 /* cmu_us_kal_res.c in Sources */,
				74A1D231120A254E000A6138 /* cmu_us_kal_residx.c in Sources */,
				74A1D232120A254E000A6138 /* cmu_us_kal16.c in Sources */,
				74A1D233120A254E000A6138 /* cmu_us_kal16_diphone.c in Sources */,
				74A1D234120A254E000A6138 /* cmu_us_kal16_lpc.c in Sources */,
				74A1D235120A254E000A6138 /* cmu_us_kal16_res.c in Sources */,
				74A1D236120A254E000A6138 /* cmu_us_kal16_residx.c in Sources */,
				74A1D237120A254E000A6138 /* cmu_us_rms.c in Sources */,
				74A1D238120A254E000A6138 /* cmu_us_rms_cg.c in Sources */,
				74A1D239120A254E000A6138 /* cmu_us_rms_cg_durmodel.c in Sources */,
				74A1D23A120A254E000A6138 /* cmu_us_rms_cg_f0_trees.c in Sources */,
				74A1D23B120A254E000A6138 /* cmu_us_rms_cg_phonestate.c in Sources */,
				74A1D23C120A254E000A6138 /* cmu_us_rms_cg_single_mcep_trees.c in Sources */,
				74A1D23D120A254E000A6138 /* cmu_us_rms_cg_single_params.c in Sources */,
				74A1D23E120A254E000A6138 /* cmu_us_slt.c in Sources */,
				74A1D23F120A254E000A6138 /* cmu_us_slt_cg.c in Sources */,
				74A1D240120A254E000A6138 /* cmu_us_slt_cg_durmodel.c in Sources */,
				74A1D241120A254E000A6138 /* cmu_us_slt_cg_f0_trees.c in Sources */,
				74A1D242120A254E000A6138 /* cmu_us_slt_cg_phonestate.c in Sources */,
				74A1D243120A254E000A6138 /* cmu_us_slt_cg_single_mcep_trees.c in Sources */,
				74A1D244120A254E000A6138 /* cmu_us_slt_cg_single_params.c in Sources */,
				74A1D245120A254E000A6138 /* cmu_lex.c in Sources */,
				74A1D246120A254E000A6138 /* cmu_lex_data.c in Sources */,
				74A1D247120A254E000A6138 /* cmu_lex_entries.c in Sources */,
				74A1D248120A254E000A6138 /* cmu_lts_model.c in Sources */,
				74A1D249120A254E000A6138 /* cmu_lts_rules.c in Sources */,
				74A1D24A120A254E000A6138 /* cmu_postlex.c in Sources */,
				74A1D24B120A254E000A6138 /* us_aswd.c in Sources */,
				74A1D24C120A254E000A6138 /* us_dur_stats.c in Sources */,
				74A1D24D120A254E000A6138 /* us_durz_cart.c in Sources */,
				74A1D24E120A254E000A6138 /* us_expand.c in Sources */,
				74A1D24F120A254E000A6138 /* us_f0_model.c in Sources */,
				74A1D250120A254E000A6138 /* us_f0lr.c in Sources */,
				74A1D251120A254E000A6138 /* us_ffeatures.c in Sources */,
				74A1D252120A254E000A6138 /* us_gpos.c in Sources */,
				74A1D253120A254E000A6138 /* us_int_accent_cart.c in Sources */,
				74A1D254120A254E000A6138 /* us_int_tone_cart.c in Sources */,
				74A1D255120A254E000A6138 /* us_nums_cart.c in Sources */,
				74A1D256120A254E000A6138 /* us_phoneset.c in Sources */,
				74A1D257120A254E000A6138 /* us_phrasing_cart.c in Sources */,
				74A1D259120A254E000A6138 /* us_pos_cart.c in Sources */,
				74A1D25A120A254E000A6138 /* us_text.c in Sources */,
				74A1D25B120A254E000A6138 /* usenglish.c in Sources */,
				74A1D25E120A255A000A6138 /* FliteTTS.m in Sources */,
				742024AD120A367E002FC0E5 /* LoadingView.m in Sources */,
				742024BB120A3912002FC0E5 /* LLHUDStatusView.m in Sources */,
				742024FC120A470A002FC0E5 /* MultipleChoiceSettingsController.m in Sources */,
				7420267A120B5F83002FC0E5 /* WordSuggestionsView.m in Sources */,
			);
			runOnlyForDeploymentPostprocessing = 0;
		};
/* End PBXSourcesBuildPhase section */

/* Begin XCBuildConfiguration section */
		1D6058940D05DD3E006BFB54 /* Debug */ = {
			isa = XCBuildConfiguration;
			buildSettings = {
				ALWAYS_SEARCH_USER_PATHS = NO;
				COPY_PHASE_STRIP = NO;
				GCC_DYNAMIC_NO_PIC = NO;
				GCC_OPTIMIZATION_LEVEL = 0;
				GCC_PRECOMPILE_PREFIX_HEADER = YES;
				GCC_PREFIX_HEADER = PhraseTTS_Prefix.pch;
				INFOPLIST_FILE = "PhraseTTS-Info.plist";
				OTHER_CFLAGS = (
					"-DSQLITE_ENABLE_FTS3",
					"-DSQLITE_ENABLE_FTS3_PARENTHESIS",
				);
				PRODUCT_NAME = PhraseTTS;
			};
			name = Debug;
		};
		1D6058950D05DD3E006BFB54 /* Release */ = {
			isa = XCBuildConfiguration;
			buildSettings = {
				ALWAYS_SEARCH_USER_PATHS = NO;
				COPY_PHASE_STRIP = YES;
				GCC_PRECOMPILE_PREFIX_HEADER = YES;
				GCC_PREFIX_HEADER = PhraseTTS_Prefix.pch;
				INFOPLIST_FILE = "PhraseTTS-Info.plist";
				OTHER_CFLAGS = (
					"-DSQLITE_ENABLE_FTS3",
					"-DSQLITE_ENABLE_FTS3_PARENTHESIS",
				);
				PRODUCT_NAME = PhraseTTS;
				VALIDATE_PRODUCT = YES;
			};
			name = Release;
		};
		C01FCF4F08A954540054247B /* Debug */ = {
			isa = XCBuildConfiguration;
			buildSettings = {
				ARCHS = "$(ARCHS_UNIVERSAL_IPHONE_OS)";
				"CODE_SIGN_IDENTITY[sdk=iphoneos*]" = "iPhone Developer";
				GCC_C_LANGUAGE_STANDARD = c99;
				GCC_WARN_ABOUT_RETURN_TYPE = YES;
				GCC_WARN_UNUSED_VARIABLE = YES;
				PREBINDING = NO;
				SDKROOT = iphoneos3.2;
				TARGETED_DEVICE_FAMILY = 2;
			};
			name = Debug;
		};
		C01FCF5008A954540054247B /* Release */ = {
			isa = XCBuildConfiguration;
			buildSettings = {
				ARCHS = "$(ARCHS_UNIVERSAL_IPHONE_OS)";
				"CODE_SIGN_IDENTITY[sdk=iphoneos*]" = "iPhone Developer";
				GCC_C_LANGUAGE_STANDARD = c99;
				GCC_WARN_ABOUT_RETURN_TYPE = YES;
				GCC_WARN_UNUSED_VARIABLE = YES;
				OTHER_CFLAGS = "-DNS_BLOCK_ASSERTIONS=1";
				PREBINDING = NO;
				SDKROOT = iphoneos3.2;
				TARGETED_DEVICE_FAMILY = 2;
			};
			name = Release;
		};
/* End XCBuildConfiguration section */

/* Begin XCConfigurationList section */
		1D6058960D05DD3E006BFB54 /* Build configuration list for PBXNativeTarget "PhraseTTS" */ = {
			isa = XCConfigurationList;
			buildConfigurations = (
				1D6058940D05DD3E006BFB54 /* Debug */,
				1D6058950D05DD3E006BFB54 /* Release */,
			);
			defaultConfigurationIsVisible = 0;
			defaultConfigurationName = Release;
		};
		C01FCF4E08A954540054247B /* Build configuration list for PBXProject "PhraseTTS" */ = {
			isa = XCConfigurationList;
			buildConfigurations = (
				C01FCF4F08A954540054247B /* Debug */,
				C01FCF5008A954540054247B /* Release */,
			);
			defaultConfigurationIsVisible = 0;
			defaultConfigurationName = Release;
		};
/* End XCConfigurationList section */
	};
	rootObject = 29B97313FDCFA39411CA2CEA /* Project object */;
}
